# Generated by conda-lock.
# platform: osx-64
# input_hash: 7c922c15860f5f04c080d3efc655afcc9cbde12719d404a4bbe264e0669e3965
@EXPLICIT
https://conda.anaconda.org/conda-forge/osx-64/bzip2-1.0.8-h0d85af4_4.tar.bz2#37edc4e6304ca87316e160f5ca0bd1b5
https://conda.anaconda.org/conda-forge/osx-64/c-ares-1.18.1-h0d85af4_0.tar.bz2#00b3e98a61e6430808fe7a2534681f28
https://conda.anaconda.org/conda-forge/osx-64/ca-certificates-2022.9.24-h033912b_0.tar.bz2#67b268c32433047914482def1ce215c2
https://conda.anaconda.org/conda-forge/osx-64/dcw-gmt-2.1.1-h694c41f_0.tar.bz2#89639e1f55511473c217ce1699bdea6b
https://conda.anaconda.org/conda-forge/noarch/font-ttf-dejavu-sans-mono-2.37-hab24e00_0.tar.bz2#0c96522c6bdaed4b1566d11387caaf45
https://conda.anaconda.org/conda-forge/noarch/font-ttf-inconsolata-3.000-h77eed37_0.tar.bz2#34893075a5c9e55cdafac56607368fc6
https://conda.anaconda.org/conda-forge/noarch/font-ttf-source-code-pro-2.038-h77eed37_0.tar.bz2#4d59c254e01d9cde7957100457e2d5fb
https://conda.anaconda.org/conda-forge/noarch/font-ttf-ubuntu-0.83-hab24e00_0.tar.bz2#19410c3df09dfb12d1206132a1d357c5
https://conda.anaconda.org/conda-forge/osx-64/freexl-1.0.6-hb7f2c08_1.tar.bz2#4fc494f8539871247167bbe4167f3277
https://conda.anaconda.org/conda-forge/osx-64/giflib-5.2.1-hbcb3906_2.tar.bz2#be8f747c37e4d7e346c133e641966750
https://conda.anaconda.org/conda-forge/osx-64/gshhg-gmt-2.3.7-h694c41f_1003.tar.bz2#48637c42d84e41ff5969f3aab00cf8f8
https://conda.anaconda.org/conda-forge/osx-64/jpeg-9e-hac89ed1_2.tar.bz2#60d90a3f5803660c5c2a2e9d883df0a6
https://conda.anaconda.org/conda-forge/osx-64/json-c-0.16-h01d06f9_0.tar.bz2#6696477dbfcb5b7ea8559865e7f9dbef
https://conda.anaconda.org/conda-forge/osx-64/libbrotlicommon-1.0.9-hb7f2c08_8.tar.bz2#37157d273eaf3bc7d6862104161d9ec9
https://conda.anaconda.org/conda-forge/osx-64/libcxx-14.0.6-hccf4f1f_0.tar.bz2#208a6a874b073277374de48a782f6b10
https://conda.anaconda.org/conda-forge/osx-64/libdeflate-1.14-hb7f2c08_0.tar.bz2#ce2a6075114c9b64ad8cace52492feee
https://conda.anaconda.org/conda-forge/osx-64/libev-4.33-haf1e3a3_1.tar.bz2#79dc2be110b2a3d1e97ec21f691c50ad
https://conda.anaconda.org/conda-forge/osx-64/libffi-3.4.2-h0d85af4_5.tar.bz2#ccb34fb14960ad8b125962d3d79b31a9
https://conda.anaconda.org/conda-forge/osx-64/libiconv-1.17-hac89ed1_0.tar.bz2#691d103d11180486154af49c037b7ed9
https://conda.anaconda.org/conda-forge/osx-64/libwebp-base-1.2.4-h775f41a_0.tar.bz2#28807bef802a354f9c164e7ab242c5cb
https://conda.anaconda.org/conda-forge/osx-64/libzlib-1.2.13-hfd90126_4.tar.bz2#35eb3fce8d51ed3c1fd4122bad48250b
https://conda.anaconda.org/conda-forge/osx-64/llvm-openmp-14.0.4-ha654fa7_0.tar.bz2#5d5ab9ab83ce21422be84ecfd3142201
https://conda.anaconda.org/conda-forge/osx-64/lzo-2.10-haf1e3a3_1000.tar.bz2#0b6bca372a95d6c602c7a922e928ce79
https://conda.anaconda.org/conda-forge/osx-64/ncurses-6.3-h96cf925_1.tar.bz2#76217ebfbb163ff2770a261f955a5861
https://conda.anaconda.org/conda-forge/osx-64/pixman-0.40.0-hbcb3906_0.tar.bz2#09a583a6f172715be21d93aaa1b42d71
https://conda.anaconda.org/conda-forge/noarch/poppler-data-0.4.11-hd8ed1ab_0.tar.bz2#abc27381c4f005da588cffa1f76403ee
https://conda.anaconda.org/conda-forge/osx-64/pthread-stubs-0.4-hc929b4f_1001.tar.bz2#addd19059de62181cd11ae8f4ef26084
https://conda.anaconda.org/conda-forge/noarch/pybind11-abi-4-hd8ed1ab_3.tar.bz2#878f923dd6acc8aeb47a75da6c4098be
https://conda.anaconda.org/conda-forge/osx-64/reproc-14.2.3-h0d85af4_0.tar.bz2#6f87f4707e4daf5823ce56dce5d9fbea
https://conda.anaconda.org/conda-forge/osx-64/tzcode-2022e-hb7f2c08_0.tar.bz2#ed1bdb5cc17e81b331008b5d0cf41088
https://conda.anaconda.org/conda-forge/noarch/tzdata-2022f-h191b570_0.tar.bz2#e366350e2343a798e29833286abe2560
https://conda.anaconda.org/conda-forge/osx-64/xorg-libxau-1.0.9-h35c211d_0.tar.bz2#c5049997b2e98edfbcdd294582f66281
https://conda.anaconda.org/conda-forge/osx-64/xorg-libxdmcp-1.1.3-h35c211d_0.tar.bz2#86ac76d6bf1cbb9621943eb3bd9ae36e
https://conda.anaconda.org/conda-forge/osx-64/xz-5.2.6-h775f41a_0.tar.bz2#a72f9d4ea13d55d745ff1ed594747f10
https://conda.anaconda.org/conda-forge/osx-64/yaml-0.2.5-h0d85af4_2.tar.bz2#d7e08fcf8259d742156188e8762b4d20
https://conda.anaconda.org/conda-forge/osx-64/expat-2.5.0-hf0c8a7f_0.tar.bz2#7648a729fc8b7272596e90b0ab0a3e98
https://conda.anaconda.org/conda-forge/osx-64/fmt-9.1.0-hb8565cd_0.tar.bz2#310d897883dbdd88555d6321a4c2e6e8
https://conda.anaconda.org/conda-forge/noarch/fonts-conda-forge-1-0.tar.bz2#f766549260d6815b0c52253f1fb1bb29
https://conda.anaconda.org/conda-forge/osx-64/geos-3.11.0-hb486fe8_0.tar.bz2#c7e2d591b477ceb4fc8a1190a5c9cb8e
https://conda.anaconda.org/conda-forge/osx-64/gettext-0.21.1-h8a4c099_0.tar.bz2#1e3aff29ce703d421c43f371ad676cc5
https://conda.anaconda.org/conda-forge/osx-64/ghostscript-9.54.0-h96cf925_2.tar.bz2#b8a96482abf320ac0e67394c85cee0cd
https://conda.anaconda.org/conda-forge/osx-64/icu-70.1-h96cf925_0.tar.bz2#376635049e9b9b0bb875efd39dcd7b3b
https://conda.anaconda.org/conda-forge/osx-64/lerc-4.0.0-hb486fe8_0.tar.bz2#f9d6a4c82889d5ecedec1d90eb673c55
https://conda.anaconda.org/conda-forge/osx-64/libbrotlidec-1.0.9-hb7f2c08_8.tar.bz2#7f952a036d9014b4dab96c6ea0f8c2a7
https://conda.anaconda.org/conda-forge/osx-64/libbrotlienc-1.0.9-hb7f2c08_8.tar.bz2#b36a3bfe866d9127f25f286506982166
https://conda.anaconda.org/conda-forge/osx-64/libedit-3.1.20191231-h0678c8f_2.tar.bz2#6016a8a1d0e63cac3de2c352cd40208b
https://conda.anaconda.org/conda-forge/osx-64/libgfortran5-11.3.0-h082f757_25.tar.bz2#2c8fd85ee58fc04f8cc52aaa28bceca3
https://conda.anaconda.org/conda-forge/osx-64/libpng-1.6.38-ha978bb4_0.tar.bz2#3954555b5b02b117119cb806d5dcfcd8
https://conda.anaconda.org/conda-forge/osx-64/libsolv-0.7.22-hd9580d2_0.tar.bz2#068ed0617893ecbccbf65a32ea1e8056
https://conda.anaconda.org/conda-forge/osx-64/libspatialindex-1.9.3-he49afe7_4.tar.bz2#b1c13764417c32fa87fac733caa82a64
https://conda.anaconda.org/conda-forge/osx-64/libsqlite-3.39.4-ha978bb4_0.tar.bz2#28060fa753417bdd4e66da2048951dd1
https://conda.anaconda.org/conda-forge/osx-64/libxcb-1.13-h0d85af4_1004.tar.bz2#eb7860935e14aec936065cbc21a1a962
https://conda.anaconda.org/conda-forge/osx-64/lz4-c-1.9.3-he49afe7_1.tar.bz2#05c08241b66631c00ca4f9e0b75320bc
https://conda.anaconda.org/conda-forge/osx-64/nspr-4.32-hcd9eead_1.tar.bz2#8d7d6d0d86b10bd80e2096058c240a45
https://conda.anaconda.org/conda-forge/osx-64/openssl-3.0.7-hfd90126_0.tar.bz2#78d8266753a5db378ef0f9302be9990f
https://conda.anaconda.org/conda-forge/osx-64/pcre-8.45-he49afe7_0.tar.bz2#0526850419e04ac003bc0b65a78dc4cc
https://conda.anaconda.org/conda-forge/osx-64/pcre2-10.37-h3f55489_1.tar.bz2#4aea99dd6f062a6cebafbb0d363807fa
https://conda.anaconda.org/conda-forge/osx-64/readline-8.1.2-h3899abd_0.tar.bz2#89fa404901fa8fb7d4f4e07083b8d635
https://conda.anaconda.org/conda-forge/osx-64/reproc-cpp-14.2.3-he49afe7_0.tar.bz2#7dafcfaa471cd16cbd73832cefc39770
https://conda.anaconda.org/conda-forge/osx-64/snappy-1.1.9-h6e38e02_1.tar.bz2#ffa92d111ec90eec8ffc09220a9c5aba
https://conda.anaconda.org/conda-forge/osx-64/tk-8.6.12-h5dbffcc_0.tar.bz2#8e9480d9c47061db2ed1b4ecce519a7f
https://conda.anaconda.org/conda-forge/osx-64/yaml-cpp-0.7.0-hf0c8a7f_2.tar.bz2#06c92b93b45ed2c842eb0893c5d2552a
https://conda.anaconda.org/conda-forge/osx-64/zlib-1.2.13-hfd90126_4.tar.bz2#be90e6223c74ea253080abae19b3bdb1
https://conda.anaconda.org/conda-forge/osx-64/zstd-1.5.2-hfa58983_4.tar.bz2#0b446e84f3ccf085e590dc1f73eebe3f
https://conda.anaconda.org/conda-forge/osx-64/blosc-1.21.1-h97e831e_3.tar.bz2#c7bcd688fb5236757648a8b85b8fb7f0
https://conda.anaconda.org/conda-forge/osx-64/boost-cpp-1.78.0-h8b082ac_1.tar.bz2#810ad57aa3057a76ea1c65731d58da55
https://conda.anaconda.org/conda-forge/osx-64/brotli-bin-1.0.9-hb7f2c08_8.tar.bz2#aac5ad0d8f747ef7f871508146df75d9
https://conda.anaconda.org/conda-forge/noarch/fonts-conda-ecosystem-1-0.tar.bz2#fee5683a3f04bd15cbd8318b096a27ab
https://conda.anaconda.org/conda-forge/osx-64/freetype-2.12.1-h3f81eb7_0.tar.bz2#6afb5b1664496c575117efe9aa2c9ba9
https://conda.anaconda.org/conda-forge/osx-64/hdf4-4.2.15-h7aa5921_5.tar.bz2#a5e171d71c6b524409de40d81c098758
https://conda.anaconda.org/conda-forge/osx-64/krb5-1.19.3-hb98e516_0.tar.bz2#8acf20165e07870bc65510a363ff45bb
https://conda.anaconda.org/conda-forge/osx-64/libgfortran-5.0.0-10_4_0_h97931a8_25.tar.bz2#5258ded23560cdebf95cef1df827065b
https://conda.anaconda.org/conda-forge/osx-64/libglib-2.74.1-h3ba3332_0.tar.bz2#6b6b943399bbdf9918f989c363375365
https://conda.anaconda.org/conda-forge/osx-64/libnghttp2-1.47.0-h5aae05b_1.tar.bz2#19d5ae4be3e4b3cfa5696f3667e8c631
https://conda.anaconda.org/conda-forge/osx-64/librttopo-1.1.0-he07d8f5_11.tar.bz2#cbe0c3c20a8b3069c84659eb4540f0cb
https://conda.anaconda.org/conda-forge/osx-64/libssh2-1.10.0-h47af595_3.tar.bz2#5a28624eeb7812b585b9e2d75f846ba2
https://conda.anaconda.org/conda-forge/osx-64/libtiff-4.4.0-hdb44e8a_4.tar.bz2#09195c43a896fe98b82dcebfa1d6eab1
https://conda.anaconda.org/conda-forge/osx-64/libxml2-2.10.3-hb9e07b5_0.tar.bz2#13ba8bf8f44cdac2e5401dac20a36040
https://conda.anaconda.org/conda-forge/osx-64/libzip-1.9.2-h6db710c_1.tar.bz2#ce732d37e479919f3d22b1ccdeb858ac
https://conda.anaconda.org/conda-forge/osx-64/sqlite-3.39.4-h9ae0607_0.tar.bz2#14e2dbb73e122e10858790f664d9636b
https://conda.anaconda.org/conda-forge/osx-64/brotli-1.0.9-hb7f2c08_8.tar.bz2#55f612fe4a9b5f6ac76348b6de94aaeb
https://conda.anaconda.org/conda-forge/osx-64/fftw-3.3.10-nompi_h4fa670e_105.tar.bz2#736a7aebe60ccbe8a0452dce88d286dd
https://conda.anaconda.org/conda-forge/osx-64/fontconfig-2.14.1-h5bb23bf_0.tar.bz2#68c42c630dcf96518bbd9f6525861e06
https://conda.anaconda.org/conda-forge/osx-64/lcms2-2.14-h90f4b2a_0.tar.bz2#e56c432e9a78c63692fa6bd076a15713
https://conda.anaconda.org/conda-forge/osx-64/libarchive-3.5.2-hbf7dfe4_3.tar.bz2#57f1c0e98ad3d4836d66d457f3690dc9
https://conda.anaconda.org/conda-forge/osx-64/libcurl-7.86.0-h581aaea_1.tar.bz2#af83102fc53762fb78e27657b540756f
https://conda.anaconda.org/conda-forge/osx-64/libkml-1.3.0-haeb80ef_1015.tar.bz2#f1a092ddaedbde48dcf62a9455ce7e31
https://conda.anaconda.org/conda-forge/osx-64/libopenblas-0.3.21-openmp_h429af6e_3.tar.bz2#968c46aa7f4032c3f3873f3452ed4c34
https://conda.anaconda.org/conda-forge/osx-64/libpq-14.5-hd79e848_1.tar.bz2#3b23941f15c1078edaee9a761785b907
https://conda.anaconda.org/conda-forge/osx-64/nss-3.78-ha8197d3_0.tar.bz2#0927d191f392959c876b7eab924efd01
https://conda.anaconda.org/conda-forge/osx-64/openjpeg-2.5.0-h5d0d7b0_1.tar.bz2#be533cc782981a0ec5eed28aa618470a
https://conda.anaconda.org/conda-forge/osx-64/python-3.9.13-hf8d34f4_0_cpython.tar.bz2#c3c4e87be5a78529972f2fa99c9e9938
https://conda.anaconda.org/conda-forge/noarch/attrs-22.1.0-pyh71513ae_1.tar.bz2#6d3ccbc56256204925bfa8378722792f
https://conda.anaconda.org/conda-forge/osx-64/cairo-1.16.0-h904041c_1014.tar.bz2#2e7b4350178ed52bb6fd2b1ecbeeed4f
https://conda.anaconda.org/conda-forge/noarch/certifi-2022.9.24-pyhd8ed1ab_0.tar.bz2#f66309b099374af91369e67e84af397d
https://conda.anaconda.org/conda-forge/osx-64/cfitsio-4.1.0-h2c97ad1_0.tar.bz2#f2108cb086dfd037a6709b011564860d
https://conda.anaconda.org/conda-forge/noarch/charset-normalizer-2.1.1-pyhd8ed1ab_0.tar.bz2#c1d5b294fbf9a795dec349a6f4d8be8e
https://conda.anaconda.org/conda-forge/noarch/click-8.1.3-unix_pyhd8ed1ab_2.tar.bz2#20e4087407c7cb04a40817114b333dbf
https://conda.anaconda.org/conda-forge/noarch/colorama-0.4.6-pyhd8ed1ab_0.tar.bz2#3faab06a954c2a04039983f2c4a50d99
https://conda.anaconda.org/conda-forge/osx-64/curl-7.86.0-h581aaea_1.tar.bz2#9caafb7cb35bf100d31b15e27e29eb38
https://conda.anaconda.org/conda-forge/noarch/cycler-0.11.0-pyhd8ed1ab_0.tar.bz2#a50559fad0affdbb33729a68669ca1cb
https://conda.anaconda.org/conda-forge/osx-64/hdf5-1.12.2-nompi_h1f71328_100.tar.bz2#a6e9b643c5d6fd3ac2b04e8279290191
https://conda.anaconda.org/conda-forge/noarch/idna-3.4-pyhd8ed1ab_0.tar.bz2#34272b248891bddccc64479f9a7fffed
https://conda.anaconda.org/conda-forge/osx-64/libblas-3.9.0-16_osx64_openblas.tar.bz2#644d63e9379867490b67bace400b2a0f
https://conda.anaconda.org/conda-forge/osx-64/libmamba-1.0.0-hfcd2f64_1.tar.bz2#b65d29cba0c73d3ad06634044e3c747d
https://conda.anaconda.org/conda-forge/noarch/munkres-1.1.4-pyh9f0ad1d_0.tar.bz2#2ba8498c1018c1e9c61eb99b973dfe19
https://conda.anaconda.org/conda-forge/noarch/networkx-2.8.8-pyhd8ed1ab_0.tar.bz2#bb45ff9deddb045331fd039949f39650
https://conda.anaconda.org/conda-forge/osx-64/postgresql-14.5-hae21482_1.tar.bz2#3688a215054b40c25fc5ae47d07ab0cd
https://conda.anaconda.org/conda-forge/osx-64/proj-9.1.0-hcbd9701_0.tar.bz2#78ee95e87e5143d0e4a17d4aeef56411
https://conda.anaconda.org/conda-forge/noarch/pycparser-2.21-pyhd8ed1ab_0.tar.bz2#076becd9e05608f8dc72757d5f3a91ff
https://conda.anaconda.org/conda-forge/noarch/pyparsing-3.0.9-pyhd8ed1ab_0.tar.bz2#e8fbc1b54b25f4b08281467bc13b70cc
https://conda.anaconda.org/conda-forge/noarch/pysocks-1.7.1-pyha2e5f31_6.tar.bz2#2a7de29fb590ca14b5243c4c812c8025
https://conda.anaconda.org/conda-forge/osx-64/python_abi-3.9-2_cp39.tar.bz2#262f557ee8ca777fe2190956038024cd
https://conda.anaconda.org/conda-forge/noarch/pytz-2022.6-pyhd8ed1ab_0.tar.bz2#b1f26ad83328e486910ef7f6e81dc061
https://conda.anaconda.org/conda-forge/noarch/setuptools-65.5.0-pyhd8ed1ab_0.tar.bz2#462466739c786f85f9ed555f87099fe1
https://conda.anaconda.org/conda-forge/noarch/six-1.16.0-pyh6c4a22f_0.tar.bz2#e5f25f8dbc060e9a8d912e432202afc2
https://conda.anaconda.org/conda-forge/noarch/threadpoolctl-3.1.0-pyh8a188c0_0.tar.bz2#a2995ee828f65687ac5b1e71a2ab1e0c
https://conda.anaconda.org/conda-forge/noarch/toolz-0.12.0-pyhd8ed1ab_0.tar.bz2#92facfec94bc02d6ccf42e7173831a36
https://conda.anaconda.org/conda-forge/noarch/wheel-0.37.1-pyhd8ed1ab_0.tar.bz2#1ca02aaf78d9c70d9a81a3bed5752022
https://conda.anaconda.org/conda-forge/osx-64/xerces-c-3.2.4-h2007e90_1.tar.bz2#da5951ed1609c4fdd135db32c4c8ef36
https://conda.anaconda.org/conda-forge/noarch/xyzservices-2022.9.0-pyhd8ed1ab_0.tar.bz2#0c0e2e24aa2e9ee3dd99c611b1098047
https://conda.anaconda.org/conda-forge/osx-64/cffi-1.15.1-py39h131948b_2.tar.bz2#8543a4e2c7718750cb64a2ad5da71c09
https://conda.anaconda.org/conda-forge/noarch/click-plugins-1.1.1-py_0.tar.bz2#4fd2c6b53934bd7d96d1f3fdaf99b79f
https://conda.anaconda.org/conda-forge/noarch/cligj-0.7.2-pyhd8ed1ab_1.tar.bz2#a29b7c141d6b2de4bb67788a5f107734
https://conda.anaconda.org/conda-forge/osx-64/geotiff-1.7.1-he29fd1c_4.tar.bz2#7fab5b9379958e9d3f784842c00c8e66
https://conda.anaconda.org/conda-forge/noarch/joblib-1.2.0-pyhd8ed1ab_0.tar.bz2#7583652522d71ad78ba536bba06940eb
https://conda.anaconda.org/conda-forge/osx-64/kealib-1.4.15-h51f5cc1_1.tar.bz2#ba621f335dfb9762c13b64855ed3e68e
https://conda.anaconda.org/conda-forge/osx-64/kiwisolver-1.4.4-py39h92daf61_1.tar.bz2#7720e059630e25ab17ab12677e59c615
https://conda.anaconda.org/conda-forge/osx-64/libcblas-3.9.0-16_osx64_openblas.tar.bz2#28592eab0f05bcf9969789e87f754e11
https://conda.anaconda.org/conda-forge/osx-64/libdap4-3.20.6-h3e144a0_2.tar.bz2#55e0706347eb18f3616808366236bcaa
https://conda.anaconda.org/conda-forge/osx-64/liblapack-3.9.0-16_osx64_openblas.tar.bz2#406ad426aade5578b90544cc2ed4a79b
https://conda.anaconda.org/conda-forge/osx-64/libmambapy-1.0.0-py39h75c867e_1.tar.bz2#7de5990a2b04797af9109f3f0db45758
https://conda.anaconda.org/conda-forge/osx-64/libnetcdf-4.8.1-nompi_hc61b76e_106.tar.bz2#502e31e4a400216854da4e9933fb21c2
https://conda.anaconda.org/conda-forge/osx-64/libspatialite-5.0.1-h778c766_21.tar.bz2#0a412d151277ce5974a00e23eb49b07c
https://conda.anaconda.org/conda-forge/osx-64/markupsafe-2.1.1-py39ha30fb19_2.tar.bz2#ff153f279e1f29f64d98245b8a042e85
https://conda.anaconda.org/conda-forge/noarch/munch-2.5.0-py_0.tar.bz2#31d9e9be500e25ff0050bc9f57a6bcd7
https://conda.anaconda.org/conda-forge/noarch/packaging-21.3-pyhd8ed1ab_0.tar.bz2#71f1ab2de48613876becddd496371c85
https://conda.anaconda.org/conda-forge/osx-64/pillow-9.2.0-py39h35d4919_3.tar.bz2#6ed8a5881729d8f7ee7cde78c13241a4
https://conda.anaconda.org/conda-forge/noarch/pip-22.3-pyhd8ed1ab_0.tar.bz2#6f4c6de9fed2a9bd8043283611b09587
https://conda.anaconda.org/conda-forge/osx-64/poppler-22.11.0-hf2ff1a1_0.tar.bz2#052935af6d441a0ec3e69fc2e56440a5
https://conda.anaconda.org/conda-forge/osx-64/pycosat-0.6.4-py39ha30fb19_1.tar.bz2#9ee964e692b46cc8cec93899aeb09b92
https://conda.anaconda.org/conda-forge/osx-64/pyproj-3.4.0-py39h2798b3d_2.tar.bz2#ddfd1aa1fdc1b2ac8c9e83d424485399
https://conda.anaconda.org/conda-forge/noarch/python-dateutil-2.8.2-pyhd8ed1ab_0.tar.bz2#dd999d1cc9f79e67dbb855c8924c7984
https://conda.anaconda.org/conda-forge/osx-64/rtree-1.0.1-py39h7d0d40a_1.tar.bz2#1043072d13c423eef9a25555652a2cdc
https://conda.anaconda.org/conda-forge/osx-64/ruamel_yaml-0.15.80-py39ha30fb19_1008.tar.bz2#667bf1f9d98c909228320a40f0212274
https://conda.anaconda.org/conda-forge/osx-64/tiledb-2.11.3-h8b9cbf0_1.tar.bz2#6e9ceb8b47cf6c22443cea2fb0639f45
https://conda.anaconda.org/conda-forge/noarch/tqdm-4.64.1-pyhd8ed1ab_0.tar.bz2#5526ff3f88f9db87bb0924b9ce575345
https://conda.anaconda.org/conda-forge/osx-64/unicodedata2-15.0.0-py39ha30fb19_0.tar.bz2#17876b4aebf783fb7bba980a79516892
https://conda.anaconda.org/conda-forge/osx-64/brotlipy-0.7.0-py39ha30fb19_1005.tar.bz2#201d86c1f0b0132954fc72251b09df8a
https://conda.anaconda.org/conda-forge/osx-64/conda-package-handling-1.9.0-py39ha30fb19_1.tar.bz2#498f81c4b3db344aeec82b85bed3c670
https://conda.anaconda.org/conda-forge/osx-64/cryptography-38.0.3-py39hbeae22c_0.tar.bz2#f6dcaffbf00736b98aa790173e1937ab
https://conda.anaconda.org/conda-forge/osx-64/fonttools-4.38.0-py39ha30fb19_1.tar.bz2#d4ef9879362c40c8c346a0b6cd79f2e0
https://conda.anaconda.org/conda-forge/noarch/jinja2-3.1.2-pyhd8ed1ab_1.tar.bz2#c8490ed5c70966d232fdd389d0dbed37
https://conda.anaconda.org/conda-forge/osx-64/libgdal-3.5.3-h76976c5_1.tar.bz2#6d102c7249de500e66568378c16c38c6
https://conda.anaconda.org/conda-forge/osx-64/numpy-1.23.4-py39hdfa1d0c_1.tar.bz2#b3006af08cbaea37b4d8ee814e643adb
https://conda.anaconda.org/conda-forge/noarch/branca-0.5.0-pyhd8ed1ab_0.tar.bz2#d96c4ccb1e66b1c1f507dd12c226749a
https://conda.anaconda.org/conda-forge/osx-64/cftime-1.6.2-py39h7cc1f47_1.tar.bz2#bfd7400a69ebcd5c5cd5975507c3a60a
https://conda.anaconda.org/conda-forge/osx-64/contourpy-1.0.6-py39h92daf61_0.tar.bz2#68ff7bf827e07256fb6993cb3393a19b
https://conda.anaconda.org/conda-forge/osx-64/gdal-3.5.3-py39h6783340_1.tar.bz2#8a0b0f9049e1fab63ce236ff35df5a00
https://conda.anaconda.org/conda-forge/osx-64/pandas-1.5.1-py39hecff1ad_1.tar.bz2#4acbce5ece29ee80ac558b6ef54de21f
https://conda.anaconda.org/conda-forge/noarch/pyopenssl-22.1.0-pyhd8ed1ab_0.tar.bz2#fbfa0a180d48c800f922a10a114a8632
https://conda.anaconda.org/conda-forge/osx-64/scipy-1.9.3-py39h8a15683_1.tar.bz2#02259123e7413791b05652970f32efed
https://conda.anaconda.org/conda-forge/osx-64/shapely-1.8.5-py39hf33cec1_1.tar.bz2#cab82d58166eebc654c12f63ffb0d922
https://conda.anaconda.org/conda-forge/osx-64/fiona-1.8.22-py39h6fa385f_1.tar.bz2#1ab87c4bbd90d90be05a56b2f737f802
https://conda.anaconda.org/conda-forge/noarch/geopandas-base-0.12.1-pyha770c72_0.tar.bz2#76a4623dcaf2521b6de222da5013470e
https://conda.anaconda.org/conda-forge/osx-64/gmt-6.4.0-h81e1e63_2.tar.bz2#466014dae44097529167b4ea17ac0130
https://conda.anaconda.org/conda-forge/osx-64/matplotlib-base-3.6.1-py39hb2f573b_1.tar.bz2#673a3072940d4b8c149b5bc13533bed6
https://conda.anaconda.org/conda-forge/osx-64/netcdf4-1.6.1-nompi_py39h0d363ce_101.tar.bz2#638c7c1648642a7e6a992da60a443466
https://conda.anaconda.org/conda-forge/osx-64/scikit-learn-1.1.3-py39hdbdcc14_1.tar.bz2#d5f1684c7079b96f8dbcd70a2162de3f
https://conda.anaconda.org/conda-forge/noarch/urllib3-1.26.11-pyhd8ed1ab_0.tar.bz2#0738978569b10669bdef41c671252dd1
https://conda.anaconda.org/conda-forge/noarch/xarray-2022.10.0-pyhd8ed1ab_0.tar.bz2#6553d3cfac3c291948a0be10771ed49f
https://conda.anaconda.org/conda-forge/noarch/mapclassify-2.4.3-pyhd8ed1ab_0.tar.bz2#908bbfb54da154042c5cbda77b37a3d1
https://conda.anaconda.org/conda-forge/noarch/pygmt-0.7.0-pyhd8ed1ab_0.tar.bz2#0164054302041b32b26cf5ffffbe02e0
https://conda.anaconda.org/conda-forge/noarch/requests-2.28.1-pyhd8ed1ab_1.tar.bz2#089382ee0e2dc2eae33a04cc3c2bddb0
https://conda.anaconda.org/conda-forge/osx-64/conda-22.9.0-py39h6e9494a_1.tar.bz2#3d9f8365c81950147db0591be94b725a
https://conda.anaconda.org/conda-forge/noarch/folium-0.13.0-pyhd8ed1ab_0.tar.bz2#c69e368f97d9939621daebe97dbbd82d
https://conda.anaconda.org/conda-forge/noarch/geopandas-0.12.1-pyhd8ed1ab_0.tar.bz2#933b5ea7d9e0023073959ec3697ddb50
https://conda.anaconda.org/conda-forge/osx-64/mamba-1.0.0-py39h412838c_1.tar.bz2#5c4439cde8e0b99be689f08a7b3199c2
# pip cachy @ https://files.pythonhosted.org/packages/82/e6/badd9af6feee43e76c3445b2621a60d3d99fe0e33fffa8df43590212ea63/cachy-0.3.0-py2.py3-none-any.whl#sha256=338ca09c8860e76b275aff52374330efedc4d5a5e45dc1c5b539c1ead0786fe7
# pip crashtest @ https://files.pythonhosted.org/packages/76/97/2a99f020be5e4a5a97ba10bc480e2e6a889b5087103a2c6b952b5f819d27/crashtest-0.3.1-py3-none-any.whl#sha256=300f4b0825f57688b47b6d70c6a31de33512eb2fa1ac614f780939aa0cf91680
# pip distlib @ https://files.pythonhosted.org/packages/76/cb/6bbd2b10170ed991cf64e8c8b85e01f2fb38f95d1bc77617569e0b0b26ac/distlib-0.3.6-py2.py3-none-any.whl#sha256=f35c4b692542ca110de7ef0bea44d73981caeb34ca0b9b6b2e6d7790dda8f80e
# pip filelock @ https://files.pythonhosted.org/packages/94/b3/ff2845971788613e646e667043fdb5f128e2e540aefa09a3c55be8290d6d/filelock-3.8.0-py3-none-any.whl#sha256=617eb4e5eedc82fc5f47b6d61e4d11cb837c56cb4544e39081099fa17ad109d4
# pip more-itertools @ https://files.pythonhosted.org/packages/5d/87/1ec3fcc09d2c04b977eabf8a1083222f82eaa2f46d5a4f85f403bf8e7b30/more_itertools-9.0.0-py3-none-any.whl#sha256=250e83d7e81d0c87ca6bd942e6aeab8cc9daa6096d12c5308f3f92fa5e5c1f41
# pip msgpack @ https://files.pythonhosted.org/packages/e8/3a/480dec4eea56cd0872d37824d79a4a691bb4594adf490a6f838ca45f4bc2/msgpack-1.0.4-cp39-cp39-macosx_10_9_x86_64.whl#sha256=2999623886c5c02deefe156e8f869c3b0aaeba14bfc50aa2486a0415178fce55
# pip pkginfo @ https://files.pythonhosted.org/packages/f3/28/ded592460bc65d39a48fe51d7678c408ae895ee3694d4cd404a131a73271/pkginfo-1.8.3-py2.py3-none-any.whl#sha256=848865108ec99d4901b2f7e84058b6e7660aae8ae10164e015a6dcf5b242a594
# pip platformdirs @ https://files.pythonhosted.org/packages/ed/22/967181c94c3a4063fe64e15331b4cb366bdd7dfbf46fcb8ad89650026fec/platformdirs-2.5.2-py3-none-any.whl#sha256=027d8e83a2d7de06bbac4e5ef7e023c02b863d7ea5d079477e722bb41ab25788
# pip poetry-core @ https://files.pythonhosted.org/packages/12/e4/5c91edb0bc975752c308e425a86b02b5b00cf990b362cfc482254d66cbbb/poetry_core-1.3.2-py3-none-any.whl#sha256=ea0f5a90b339cde132b4e43cff78a1b440cd928db864bb67cfc97fdfcefe7218
# pip ptyprocess @ https://files.pythonhosted.org/packages/22/a6/858897256d0deac81a172289110f31629fc4cee19b6f01283303e18c8db3/ptyprocess-0.7.0-py2.py3-none-any.whl#sha256=4b41f3967fce3af57cc7e94b888626c18bf37a083e3651ca8feeb66d492fef35
# pip pylev @ https://files.pythonhosted.org/packages/04/78/95cfe72991d22994f0ec5a3b742b31c95a28344d33e06b69406b68398a29/pylev-1.4.0-py2.py3-none-any.whl#sha256=7b2e2aa7b00e05bb3f7650eb506fc89f474f70493271a35c242d9a92188ad3dd
# pip pyrsistent @ https://files.pythonhosted.org/packages/23/d9/3ffebba2a20084b56f8132ab1fa959161dcf6da4f27c85a4a4c9cc438db1/pyrsistent-0.19.2-cp39-cp39-macosx_10_9_universal2.whl#sha256=f1258f4e6c42ad0b20f9cfcc3ada5bd6b83374516cd01c0960e3cb75fdca6770
# pip shellingham @ https://files.pythonhosted.org/packages/3d/1a/d31fce69c119df1fddab3706b63c53d363982c55d841d9c3839b12f15327/shellingham-1.5.0-py2.py3-none-any.whl#sha256=a8f02ba61b69baaa13facdba62908ca8690a94b8119b69f5ec5873ea85f7391b
# pip tomlkit @ https://files.pythonhosted.org/packages/2b/df/971fa5db3250bb022105d17f340339370f73d502e65e687a94ca1a4c4b1f/tomlkit-0.11.6-py3-none-any.whl#sha256=07de26b0d8cfc18f871aec595fda24d95b08fef89d147caa861939f37230bf4b
# pip webencodings @ https://files.pythonhosted.org/packages/f4/24/2a3e3df732393fed8b3ebf2ec078f05546de641fe1b667ee316ec1dcf3b7/webencodings-0.5.1-py2.py3-none-any.whl#sha256=a0af1213f3c2226497a97e2b3aa01a7e4bee4f403f95be16fc9acd2947514a78
# pip zipp @ https://files.pythonhosted.org/packages/40/8a/d63273ed0fa4a3d06f77e7b043f6577d8894e95515b0c187c52e2c0efabb/zipp-3.10.0-py3-none-any.whl#sha256=4fcb6f278987a6605757302a6e40e896257570d11c51628968ccb2a47e80c6c1
# pip cachecontrol @ https://files.pythonhosted.org/packages/1e/49/9db6d5be74f606d1b6f2bd4469827b0eed557c4bbafb30134519510f7f0d/CacheControl-0.12.12-py2.py3-none-any.whl#sha256=5986a16897cd296bdb7b86b42e0403c4ca30b9875f0e0c7c8e509b50cff115b7
# pip cleo @ https://files.pythonhosted.org/packages/45/0c/3825603bf62f360829b1eea29a43dadce30829067e288170b3bf738aafd0/cleo-1.0.0a5-py3-none-any.whl#sha256=ff53056589300976e960f75afb792dfbfc9c78dcbb5a448e207a17b643826360
# pip dulwich @ https://files.pythonhosted.org/packages/08/74/e0ad7a0324b254227455e612c1b62f6d78f5e5b3c3f7bd44bb983e8333a4/dulwich-0.20.50-cp39-cp39-macosx_10_9_x86_64.whl#sha256=4e541cd690a5e3d55082ed51732d755917e933cddeb4b0204f2a5ec5d5d7b60b
# pip html5lib @ https://files.pythonhosted.org/packages/6c/dd/a834df6482147d48e225a49515aabc28974ad5a4ca3215c18a882565b028/html5lib-1.1-py2.py3-none-any.whl#sha256=0d78f8fde1c230e99fe37986a60526d7049ed4bf8a9fadbad5f00e22e58e041d
# pip importlib-metadata @ https://files.pythonhosted.org/packages/d0/98/c277899f5aa21f6e6946e1c83f2af650cbfee982763ffb91db07ff7d3a13/importlib_metadata-4.13.0-py3-none-any.whl#sha256=8a8a81bcf996e74fee46f0d16bd3eaa382a7eb20fd82445c3ad11f4090334116
# pip jaraco.classes @ https://files.pythonhosted.org/packages/60/28/220d3ae0829171c11e50dded4355d17824d60895285631d7eb9dee0ab5e5/jaraco.classes-3.2.3-py3-none-any.whl#sha256=2353de3288bc6b82120752201c6b1c1a14b058267fa424ed5ce5984e3b922158
# pip jsonschema @ https://files.pythonhosted.org/packages/f2/c5/8e4cdbcbf81c5003a88722c34009bbda692d495dbccc2bf23edf9402d83d/jsonschema-4.17.0-py3-none-any.whl#sha256=f660066c3966db7d6daeaea8a75e0b68237a48e51cf49882087757bb59916248
# pip pexpect @ https://files.pythonhosted.org/packages/39/7b/88dbb785881c28a102619d46423cb853b46dbccc70d3ac362d99773a78ce/pexpect-4.8.0-py2.py3-none-any.whl#sha256=0b48a55dcb3c05f3329815901ea4fc1537514d6ba867a152b581d69ae3710937
# pip requests-toolbelt @ https://files.pythonhosted.org/packages/60/ef/7681134338fc097acef8d9b2f8abe0458e4d87559c689a8c306d0957ece5/requests_toolbelt-0.9.1-py2.py3-none-any.whl#sha256=380606e1d10dc85c3bd47bf5a6095f815ec007be7a8b69c878507068df059e6f
# pip virtualenv @ https://files.pythonhosted.org/packages/ef/e0/1295d8a0b34f71a81fdf0f09c1ef658ae6d611240829c3c39fb2b6b80967/virtualenv-20.16.6-py3-none-any.whl#sha256=186ca84254abcbde98180fd17092f9628c5fe742273c02724972a1d8a2035108
# pip xattr @ https://files.pythonhosted.org/packages/2e/70/7d31fdd0bca564ecb5349f68791b3c696a4db1184e517355021b72ea34bf/xattr-0.9.9-cp39-cp39-macosx_10_9_x86_64.whl#sha256=809e2537d0aff9fca97dacf3245cbbaf711bbced5d1b0235a8d1906b04e26114
# pip keyring @ https://files.pythonhosted.org/packages/2a/11/b694ede59e7c677daa2b4201ab4af2d7de2edce7b79a5b51600066aea42e/keyring-23.9.3-py3-none-any.whl#sha256=69732a15cb1433bdfbc3b980a8a36a04878a6cfd7cb99f497b573f31618001c0
# pip poetry @ https://files.pythonhosted.org/packages/79/1e/7373dfc4fe1174e03e58846ea94c3b635e209385125ecd62f1570771b25d/poetry-1.2.2-py3-none-any.whl#sha256=93ea3c4a622485c2a7b7249f1e34e4ac84f8229ded76153b67506313201b154f
# pip poetry-plugin-export @ https://files.pythonhosted.org/packages/44/28/0e86f03be17db993dce6b81825687ab7587fc54ff0659d20f7bffc03d72c/poetry_plugin_export-1.1.2-py3-none-any.whl#sha256=946e3313b3d00c18fb9a50522e9d5e6a7e111beaba8d6ae33297662fc2070ac1
