# Generated by conda-lock.
# platform: linux-64
# input_hash: 41fbc700243d7e09ceb69c2ce84ddfbc99958ca26d361e9c7708e9d390dafc33
@EXPLICIT
https://conda.anaconda.org/conda-forge/linux-64/_libgcc_mutex-0.1-conda_forge.tar.bz2#d7c89558ba9fa0495403155b64376d81
https://conda.anaconda.org/conda-forge/linux-64/ca-certificates-2022.9.24-ha878542_0.tar.bz2#41e4e87062433e283696cf384f952ef6
https://conda.anaconda.org/conda-forge/linux-64/dcw-gmt-2.1.1-ha770c72_0.tar.bz2#811ad6be717480fbed578b9e731b93a5
https://conda.anaconda.org/conda-forge/noarch/font-ttf-dejavu-sans-mono-2.37-hab24e00_0.tar.bz2#0c96522c6bdaed4b1566d11387caaf45
https://conda.anaconda.org/conda-forge/noarch/font-ttf-inconsolata-3.000-h77eed37_0.tar.bz2#34893075a5c9e55cdafac56607368fc6
https://conda.anaconda.org/conda-forge/noarch/font-ttf-source-code-pro-2.038-h77eed37_0.tar.bz2#4d59c254e01d9cde7957100457e2d5fb
https://conda.anaconda.org/conda-forge/noarch/font-ttf-ubuntu-0.83-hab24e00_0.tar.bz2#19410c3df09dfb12d1206132a1d357c5
https://conda.anaconda.org/conda-forge/linux-64/gshhg-gmt-2.3.7-ha770c72_1003.tar.bz2#64505e3a020e1927b453a0da59df2267
https://conda.anaconda.org/conda-forge/linux-64/ld_impl_linux-64-2.39-hc81fddc_0.tar.bz2#c2719e2faa7bd7076d3a4b52271e5622
https://conda.anaconda.org/conda-forge/linux-64/libgfortran5-12.2.0-h337968e_19.tar.bz2#164b4b1acaedc47ee7e658ae6b308ca3
https://conda.anaconda.org/conda-forge/linux-64/libstdcxx-ng-12.2.0-h46fd767_19.tar.bz2#1030b1f38c129f2634eae026f704fe60
https://conda.anaconda.org/conda-forge/noarch/poppler-data-0.4.11-hd8ed1ab_0.tar.bz2#abc27381c4f005da588cffa1f76403ee
https://conda.anaconda.org/conda-forge/noarch/pybind11-abi-4-hd8ed1ab_3.tar.bz2#878f923dd6acc8aeb47a75da6c4098be
https://conda.anaconda.org/conda-forge/noarch/tzdata-2022f-h191b570_0.tar.bz2#e366350e2343a798e29833286abe2560
https://conda.anaconda.org/conda-forge/noarch/fonts-conda-forge-1-0.tar.bz2#f766549260d6815b0c52253f1fb1bb29
https://conda.anaconda.org/conda-forge/linux-64/libgfortran-ng-12.2.0-h69a702a_19.tar.bz2#cd7a806282c16e1f2d39a7e80d3a3e0d
https://conda.anaconda.org/conda-forge/linux-64/libgomp-12.2.0-h65d4601_19.tar.bz2#cedcee7c064c01c403f962c9e8d3c373
https://conda.anaconda.org/conda-forge/linux-64/_openmp_mutex-4.5-2_gnu.tar.bz2#73aaf86a425cc6e73fcf236a5a46396d
https://conda.anaconda.org/conda-forge/noarch/fonts-conda-ecosystem-1-0.tar.bz2#fee5683a3f04bd15cbd8318b096a27ab
https://conda.anaconda.org/conda-forge/linux-64/libgcc-ng-12.2.0-h65d4601_19.tar.bz2#e4c94f80aef025c17ab0828cd85ef535
https://conda.anaconda.org/conda-forge/linux-64/bzip2-1.0.8-h7f98852_4.tar.bz2#a1fd65c7ccbf10880423d82bca54eb54
https://conda.anaconda.org/conda-forge/linux-64/c-ares-1.18.1-h7f98852_0.tar.bz2#f26ef8098fab1f719c91eb760d63381a
https://conda.anaconda.org/conda-forge/linux-64/expat-2.5.0-h27087fc_0.tar.bz2#c4fbad8d4bddeb3c085f18cbf97fbfad
https://conda.anaconda.org/conda-forge/linux-64/fftw-3.3.10-nompi_hf0379b8_105.tar.bz2#9d3e01547ba04a57372beee01158096f
https://conda.anaconda.org/conda-forge/linux-64/fmt-9.1.0-h924138e_0.tar.bz2#b57864c85261a0fbc7132d2cc17478c7
https://conda.anaconda.org/conda-forge/linux-64/freexl-1.0.6-h166bdaf_1.tar.bz2#897e772a157faf3330d72dd291486f62
https://conda.anaconda.org/conda-forge/linux-64/geos-3.11.0-h27087fc_0.tar.bz2#a583d0bc9a85c48e8b07a588d1ac8a80
https://conda.anaconda.org/conda-forge/linux-64/gettext-0.21.1-h27087fc_0.tar.bz2#14947d8770185e5153fdd04d4673ed37
https://conda.anaconda.org/conda-forge/linux-64/ghostscript-9.54.0-h27087fc_2.tar.bz2#c3b35ac18d09ffc8d46064fb09a696af
https://conda.anaconda.org/conda-forge/linux-64/giflib-5.2.1-h36c2ea0_2.tar.bz2#626e68ae9cc5912d6adb79d318cf962d
https://conda.anaconda.org/conda-forge/linux-64/icu-70.1-h27087fc_0.tar.bz2#87473a15119779e021c314249d4b4aed
https://conda.anaconda.org/conda-forge/linux-64/jpeg-9e-h166bdaf_2.tar.bz2#ee8b844357a0946870901c7c6f418268
https://conda.anaconda.org/conda-forge/linux-64/json-c-0.16-hc379101_0.tar.bz2#0e2bca6857cb73acec30387fef7c3142
https://conda.anaconda.org/conda-forge/linux-64/keyutils-1.6.1-h166bdaf_0.tar.bz2#30186d27e2c9fa62b45fb1476b7200e3
https://conda.anaconda.org/conda-forge/linux-64/lerc-4.0.0-h27087fc_0.tar.bz2#76bbff344f0134279f225174e9064c8f
https://conda.anaconda.org/conda-forge/linux-64/libbrotlicommon-1.0.9-h166bdaf_8.tar.bz2#9194c9bf9428035a05352d031462eae4
https://conda.anaconda.org/conda-forge/linux-64/libdeflate-1.14-h166bdaf_0.tar.bz2#fc84a0446e4e4fb882e78d786cfb9734
https://conda.anaconda.org/conda-forge/linux-64/libev-4.33-h516909a_1.tar.bz2#6f8720dff19e17ce5d48cfe7f3d2f0a3
https://conda.anaconda.org/conda-forge/linux-64/libffi-3.4.2-h7f98852_5.tar.bz2#d645c6d2ac96843a2bfaccd2d62b3ac3
https://conda.anaconda.org/conda-forge/linux-64/libiconv-1.17-h166bdaf_0.tar.bz2#b62b52da46c39ee2bc3c162ac7f1804d
https://conda.anaconda.org/conda-forge/linux-64/libnsl-2.0.0-h7f98852_0.tar.bz2#39b1328babf85c7c3a61636d9cd50206
https://conda.anaconda.org/conda-forge/linux-64/libopenblas-0.3.21-pthreads_h78a6416_3.tar.bz2#8c5963a49b6035c40646a763293fbb35
https://conda.anaconda.org/conda-forge/linux-64/libspatialindex-1.9.3-h9c3ff4c_4.tar.bz2#d87fbe9c0ff589e802ff13872980bfd9
https://conda.anaconda.org/conda-forge/linux-64/libuuid-2.32.1-h7f98852_1000.tar.bz2#772d69f030955d9646d3d0eaf21d859d
https://conda.anaconda.org/conda-forge/linux-64/libwebp-base-1.2.4-h166bdaf_0.tar.bz2#ac2ccf7323d21f2994e4d1f5da664f37
https://conda.anaconda.org/conda-forge/linux-64/libzlib-1.2.13-h166bdaf_4.tar.bz2#f3f9de449d32ca9b9c66a22863c96f41
https://conda.anaconda.org/conda-forge/linux-64/lz4-c-1.9.3-h9c3ff4c_1.tar.bz2#fbe97e8fa6f275d7c76a09e795adc3e6
https://conda.anaconda.org/conda-forge/linux-64/lzo-2.10-h516909a_1000.tar.bz2#bb14fcb13341b81d5eb386423b9d2bac
https://conda.anaconda.org/conda-forge/linux-64/ncurses-6.3-h27087fc_1.tar.bz2#4acfc691e64342b9dae57cf2adc63238
https://conda.anaconda.org/conda-forge/linux-64/nspr-4.32-h9c3ff4c_1.tar.bz2#29ded371806431b0499aaee146abfc3e
https://conda.anaconda.org/conda-forge/linux-64/openssl-3.0.7-h166bdaf_0.tar.bz2#d1ad1824c71e67dea42f07e06cd177dc
https://conda.anaconda.org/conda-forge/linux-64/pcre-8.45-h9c3ff4c_0.tar.bz2#c05d1820a6d34ff07aaaab7a9b7eddaa
https://conda.anaconda.org/conda-forge/linux-64/pixman-0.40.0-h36c2ea0_0.tar.bz2#660e72c82f2e75a6b3fe6a6e75c79f19
https://conda.anaconda.org/conda-forge/linux-64/pthread-stubs-0.4-h36c2ea0_1001.tar.bz2#22dad4df6e8630e8dff2428f6f6a7036
https://conda.anaconda.org/conda-forge/linux-64/reproc-14.2.3-h7f98852_0.tar.bz2#1e16d4142b016b6a5ebdeb3d6d33aaf4
https://conda.anaconda.org/conda-forge/linux-64/snappy-1.1.9-hbd366e4_1.tar.bz2#418adb239781d9690afc6b1a05514c37
https://conda.anaconda.org/conda-forge/linux-64/tzcode-2022e-h166bdaf_0.tar.bz2#d83ab8f6570bbf0be104948fb2d0f79e
https://conda.anaconda.org/conda-forge/linux-64/xorg-kbproto-1.0.7-h7f98852_1002.tar.bz2#4b230e8381279d76131116660f5a241a
https://conda.anaconda.org/conda-forge/linux-64/xorg-libice-1.0.10-h7f98852_0.tar.bz2#d6b0b50b49eccfe0be0373be628be0f3
https://conda.anaconda.org/conda-forge/linux-64/xorg-libxau-1.0.9-h7f98852_0.tar.bz2#bf6f803a544f26ebbdc3bfff272eb179
https://conda.anaconda.org/conda-forge/linux-64/xorg-libxdmcp-1.1.3-h7f98852_0.tar.bz2#be93aabceefa2fac576e971aef407908
https://conda.anaconda.org/conda-forge/linux-64/xorg-renderproto-0.11.1-h7f98852_1002.tar.bz2#06feff3d2634e3097ce2fe681474b534
https://conda.anaconda.org/conda-forge/linux-64/xorg-xextproto-7.3.0-h7f98852_1002.tar.bz2#1e15f6ad85a7d743a2ac68dae6c82b98
https://conda.anaconda.org/conda-forge/linux-64/xorg-xproto-7.0.31-h7f98852_1007.tar.bz2#b4a4381d54784606820704f7b5f05a15
https://conda.anaconda.org/conda-forge/linux-64/xz-5.2.6-h166bdaf_0.tar.bz2#2161070d867d1b1204ea749c8eec4ef0
https://conda.anaconda.org/conda-forge/linux-64/yaml-0.2.5-h7f98852_2.tar.bz2#4cb3ad778ec2d5a7acbdf254eb1c42ae
https://conda.anaconda.org/conda-forge/linux-64/yaml-cpp-0.7.0-h27087fc_2.tar.bz2#0449d47d8457feaa3720d4779616dde2
https://conda.anaconda.org/conda-forge/linux-64/libblas-3.9.0-16_linux64_openblas.tar.bz2#d9b7a8639171f6c6fa0a983edabcfe2b
https://conda.anaconda.org/conda-forge/linux-64/libbrotlidec-1.0.9-h166bdaf_8.tar.bz2#4ae4d7795d33e02bd20f6b23d91caf82
https://conda.anaconda.org/conda-forge/linux-64/libbrotlienc-1.0.9-h166bdaf_8.tar.bz2#04bac51ba35ea023dc48af73c1c88c25
https://conda.anaconda.org/conda-forge/linux-64/libedit-3.1.20191231-he28a2e2_2.tar.bz2#4d331e44109e3f0e19b4cb8f9b82f3e1
https://conda.anaconda.org/conda-forge/linux-64/libnghttp2-1.47.0-hff17c54_1.tar.bz2#2b7dbfa6988a41f9d23ba6d4f0e1d74e
https://conda.anaconda.org/conda-forge/linux-64/libpng-1.6.38-h753d276_0.tar.bz2#575078de1d3a3114b3ce131bd1508d0c
https://conda.anaconda.org/conda-forge/linux-64/librttopo-1.1.0-hf730bdb_11.tar.bz2#13b2138ccfbd9821fe13ee0cb7471c03
https://conda.anaconda.org/conda-forge/linux-64/libsolv-0.7.22-h6239696_0.tar.bz2#461963bb499e58bae159a898600f8792
https://conda.anaconda.org/conda-forge/linux-64/libsqlite-3.39.4-h753d276_0.tar.bz2#978924c298fc2215f129e8171bbea688
https://conda.anaconda.org/conda-forge/linux-64/libssh2-1.10.0-hf14f497_3.tar.bz2#d85acad4b47dff4e3def14a769a97906
https://conda.anaconda.org/conda-forge/linux-64/libxcb-1.13-h7f98852_1004.tar.bz2#b3653fdc58d03face9724f602218a904
https://conda.anaconda.org/conda-forge/linux-64/libxml2-2.10.3-h7463322_0.tar.bz2#3b933ea47ef8f330c4c068af25fcd6a8
https://conda.anaconda.org/conda-forge/linux-64/libzip-1.9.2-hc929e4a_1.tar.bz2#5b122b50e738c4be5c3f2899f010d7cf
https://conda.anaconda.org/conda-forge/linux-64/pcre2-10.37-hc3806b6_1.tar.bz2#dfd26f27a9d5de96cec1d007b9aeb964
https://conda.anaconda.org/conda-forge/linux-64/readline-8.1.2-h0f457ee_0.tar.bz2#db2ebbe2943aae81ed051a6a9af8e0fa
https://conda.anaconda.org/conda-forge/linux-64/reproc-cpp-14.2.3-h9c3ff4c_0.tar.bz2#1fc15d3b393b62192d3eeade92b61610
https://conda.anaconda.org/conda-forge/linux-64/tk-8.6.12-h27826a3_0.tar.bz2#5b8c42eb62e9fc961af70bdd6a26e168
https://conda.anaconda.org/conda-forge/linux-64/xorg-libsm-1.2.3-hd9c2040_1000.tar.bz2#9e856f78d5c80d5a78f61e72d1d473a3
https://conda.anaconda.org/conda-forge/linux-64/zlib-1.2.13-h166bdaf_4.tar.bz2#4b11e365c0275b808be78b30f904e295
https://conda.anaconda.org/conda-forge/linux-64/zstd-1.5.2-h6239696_4.tar.bz2#adcf0be7897e73e312bd24353b613f74
https://conda.anaconda.org/conda-forge/linux-64/blosc-1.21.1-h83bc5f7_3.tar.bz2#37baca23e60af4130cfc03e8ab9f8e22
https://conda.anaconda.org/conda-forge/linux-64/boost-cpp-1.78.0-h75c5d50_1.tar.bz2#accc1f1ca33809bbf9ad067a0a69e236
https://conda.anaconda.org/conda-forge/linux-64/brotli-bin-1.0.9-h166bdaf_8.tar.bz2#e5613f2bc717e9945840ff474419b8e4
https://conda.anaconda.org/conda-forge/linux-64/freetype-2.12.1-hca18f0e_0.tar.bz2#4e54cbfc47b8c74c2ecc1e7730d8edce
https://conda.anaconda.org/conda-forge/linux-64/hdf4-4.2.15-h9772cbc_5.tar.bz2#ee08782aff2ff9b3291c967fa6bc7336
https://conda.anaconda.org/conda-forge/linux-64/krb5-1.19.3-h08a2579_0.tar.bz2#d25e05e7ee0e302b52d24491db4891eb
https://conda.anaconda.org/conda-forge/linux-64/libarchive-3.5.2-hada088e_3.tar.bz2#c0c3973a9f2df3e1a408e3205d86a88d
https://conda.anaconda.org/conda-forge/linux-64/libcblas-3.9.0-16_linux64_openblas.tar.bz2#20bae26d0a1db73f758fc3754cab4719
https://conda.anaconda.org/conda-forge/linux-64/libglib-2.74.1-h7a41b64_0.tar.bz2#5635a2490d52955dc3192d901434c26d
https://conda.anaconda.org/conda-forge/linux-64/liblapack-3.9.0-16_linux64_openblas.tar.bz2#955d993f41f9354bf753d29864ea20ad
https://conda.anaconda.org/conda-forge/linux-64/libtiff-4.4.0-h55922b4_4.tar.bz2#901791f0ec7cddc8714e76e273013a91
https://conda.anaconda.org/conda-forge/linux-64/sqlite-3.39.4-h4ff8645_0.tar.bz2#643c271de2dd23ecbd107284426cebc2
https://conda.anaconda.org/conda-forge/linux-64/xorg-libx11-1.7.2-h7f98852_0.tar.bz2#12a61e640b8894504326aadafccbb790
https://conda.anaconda.org/conda-forge/linux-64/brotli-1.0.9-h166bdaf_8.tar.bz2#2ff08978892a3e8b954397c461f18418
https://conda.anaconda.org/conda-forge/linux-64/fontconfig-2.14.1-hc2a2eb6_0.tar.bz2#78415f0180a8d9c5bcc47889e00d5fb1
https://conda.anaconda.org/conda-forge/linux-64/lcms2-2.14-h6ed2654_0.tar.bz2#dcc588839de1445d90995a0a2c4f3a39
https://conda.anaconda.org/conda-forge/linux-64/libcurl-7.86.0-h2283fc2_1.tar.bz2#fdca8cd67ec2676f90a70ac73a32538b
https://conda.anaconda.org/conda-forge/linux-64/libkml-1.3.0-h37653c0_1015.tar.bz2#37d3747dd24d604f63d2610910576e63
https://conda.anaconda.org/conda-forge/linux-64/libpq-14.5-he2d8382_1.tar.bz2#c194811a2d160ef3210218ee508b6075
https://conda.anaconda.org/conda-forge/linux-64/nss-3.78-h2350873_0.tar.bz2#ab3df39f96742e6f1a9878b09274c1dc
https://conda.anaconda.org/conda-forge/linux-64/openjpeg-2.5.0-h7d73246_1.tar.bz2#a11b4df9271a8d7917686725aa04c8f2
https://conda.anaconda.org/conda-forge/linux-64/python-3.9.13-h2660328_0_cpython.tar.bz2#894f6c234741ffc61505de11b7a588ba
https://conda.anaconda.org/conda-forge/linux-64/xorg-libxext-1.3.4-h7f98852_1.tar.bz2#536cc5db4d0a3ba0630541aec064b5e4
https://conda.anaconda.org/conda-forge/linux-64/xorg-libxrender-0.9.10-h7f98852_1003.tar.bz2#f59c1242cc1dd93e72c2ee2b360979eb
https://conda.anaconda.org/conda-forge/noarch/attrs-22.1.0-pyh71513ae_1.tar.bz2#6d3ccbc56256204925bfa8378722792f
https://conda.anaconda.org/conda-forge/linux-64/cairo-1.16.0-ha61ee94_1014.tar.bz2#d1a88f3ed5b52e1024b80d4bcd26a7a0
https://conda.anaconda.org/conda-forge/noarch/certifi-2022.9.24-pyhd8ed1ab_0.tar.bz2#f66309b099374af91369e67e84af397d
https://conda.anaconda.org/conda-forge/linux-64/cfitsio-4.1.0-hd9d235c_0.tar.bz2#ebc04a148d7204bb428f8633b89fd3dd
https://conda.anaconda.org/conda-forge/noarch/charset-normalizer-2.1.1-pyhd8ed1ab_0.tar.bz2#c1d5b294fbf9a795dec349a6f4d8be8e
https://conda.anaconda.org/conda-forge/noarch/click-8.1.3-unix_pyhd8ed1ab_2.tar.bz2#20e4087407c7cb04a40817114b333dbf
https://conda.anaconda.org/conda-forge/noarch/colorama-0.4.6-pyhd8ed1ab_0.tar.bz2#3faab06a954c2a04039983f2c4a50d99
https://conda.anaconda.org/conda-forge/linux-64/curl-7.86.0-h2283fc2_1.tar.bz2#9d4149760567cb232691cce2d8ccc21f
https://conda.anaconda.org/conda-forge/noarch/cycler-0.11.0-pyhd8ed1ab_0.tar.bz2#a50559fad0affdbb33729a68669ca1cb
https://conda.anaconda.org/conda-forge/linux-64/hdf5-1.12.2-nompi_h4df4325_100.tar.bz2#91f6a330e4aeba166e5d7f0ee0af3d37
https://conda.anaconda.org/conda-forge/noarch/idna-3.4-pyhd8ed1ab_0.tar.bz2#34272b248891bddccc64479f9a7fffed
https://conda.anaconda.org/conda-forge/linux-64/libmamba-1.0.0-h9eff5f0_1.tar.bz2#3f66c49f263734f0208026729bc6d116
https://conda.anaconda.org/conda-forge/noarch/munkres-1.1.4-pyh9f0ad1d_0.tar.bz2#2ba8498c1018c1e9c61eb99b973dfe19
https://conda.anaconda.org/conda-forge/noarch/networkx-2.8.8-pyhd8ed1ab_0.tar.bz2#bb45ff9deddb045331fd039949f39650
https://conda.anaconda.org/conda-forge/linux-64/postgresql-14.5-ha105346_1.tar.bz2#39e6de6153ca4dca9081a2a4dc863102
https://conda.anaconda.org/conda-forge/linux-64/proj-9.1.0-h93bde94_0.tar.bz2#255c7204dda39747c3ba380d28b026d7
https://conda.anaconda.org/conda-forge/noarch/pycparser-2.21-pyhd8ed1ab_0.tar.bz2#076becd9e05608f8dc72757d5f3a91ff
https://conda.anaconda.org/conda-forge/noarch/pyparsing-3.0.9-pyhd8ed1ab_0.tar.bz2#e8fbc1b54b25f4b08281467bc13b70cc
https://conda.anaconda.org/conda-forge/noarch/pysocks-1.7.1-pyha2e5f31_6.tar.bz2#2a7de29fb590ca14b5243c4c812c8025
https://conda.anaconda.org/conda-forge/linux-64/python_abi-3.9-2_cp39.tar.bz2#39adde4247484de2bb4000122fdcf665
https://conda.anaconda.org/conda-forge/noarch/pytz-2022.6-pyhd8ed1ab_0.tar.bz2#b1f26ad83328e486910ef7f6e81dc061
https://conda.anaconda.org/conda-forge/noarch/setuptools-65.5.0-pyhd8ed1ab_0.tar.bz2#462466739c786f85f9ed555f87099fe1
https://conda.anaconda.org/conda-forge/noarch/six-1.16.0-pyh6c4a22f_0.tar.bz2#e5f25f8dbc060e9a8d912e432202afc2
https://conda.anaconda.org/conda-forge/noarch/threadpoolctl-3.1.0-pyh8a188c0_0.tar.bz2#a2995ee828f65687ac5b1e71a2ab1e0c
https://conda.anaconda.org/conda-forge/noarch/toolz-0.12.0-pyhd8ed1ab_0.tar.bz2#92facfec94bc02d6ccf42e7173831a36
https://conda.anaconda.org/conda-forge/noarch/wheel-0.37.1-pyhd8ed1ab_0.tar.bz2#1ca02aaf78d9c70d9a81a3bed5752022
https://conda.anaconda.org/conda-forge/linux-64/xerces-c-3.2.4-h55805fa_1.tar.bz2#d127dc8efe24033b306180939e51e6af
https://conda.anaconda.org/conda-forge/noarch/xyzservices-2022.9.0-pyhd8ed1ab_0.tar.bz2#0c0e2e24aa2e9ee3dd99c611b1098047
https://conda.anaconda.org/conda-forge/linux-64/cffi-1.15.1-py39he91dace_2.tar.bz2#fc70a133e8162f51e363cff3b6dc741c
https://conda.anaconda.org/conda-forge/noarch/click-plugins-1.1.1-py_0.tar.bz2#4fd2c6b53934bd7d96d1f3fdaf99b79f
https://conda.anaconda.org/conda-forge/noarch/cligj-0.7.2-pyhd8ed1ab_1.tar.bz2#a29b7c141d6b2de4bb67788a5f107734
https://conda.anaconda.org/conda-forge/linux-64/geotiff-1.7.1-ha76d385_4.tar.bz2#6a613710a0f19aba3a5dfe83bf1c1c0f
https://conda.anaconda.org/conda-forge/noarch/joblib-1.2.0-pyhd8ed1ab_0.tar.bz2#7583652522d71ad78ba536bba06940eb
https://conda.anaconda.org/conda-forge/linux-64/kealib-1.4.15-ha7026e8_1.tar.bz2#085b1e5ae7fa9a236f88a68eae65374e
https://conda.anaconda.org/conda-forge/linux-64/kiwisolver-1.4.4-py39hf939315_1.tar.bz2#41679a052a8ce841c74df1ebc802e411
https://conda.anaconda.org/conda-forge/linux-64/libdap4-3.20.6-hd7c4107_2.tar.bz2#c265ae57e3acdc891f3e2b93cf6784f5
https://conda.anaconda.org/conda-forge/linux-64/libmambapy-1.0.0-py39h37259de_1.tar.bz2#71e053549231cf613fb2c68aba050fc4
https://conda.anaconda.org/conda-forge/linux-64/libnetcdf-4.8.1-nompi_h261ec11_106.tar.bz2#9b25de670ce5753a33c18b1090d1d3bf
https://conda.anaconda.org/conda-forge/linux-64/libspatialite-5.0.1-hfbd986c_21.tar.bz2#92a2dbb3813c4ef1ba81802453173de6
https://conda.anaconda.org/conda-forge/linux-64/markupsafe-2.1.1-py39hb9d737c_2.tar.bz2#c678e07e7862b3157fb9f6d908233ffa
https://conda.anaconda.org/conda-forge/noarch/munch-2.5.0-py_0.tar.bz2#31d9e9be500e25ff0050bc9f57a6bcd7
https://conda.anaconda.org/conda-forge/linux-64/numpy-1.23.4-py39h3d75532_1.tar.bz2#ba4f1c0466d4ba7f53090c150fc88434
https://conda.anaconda.org/conda-forge/noarch/packaging-21.3-pyhd8ed1ab_0.tar.bz2#71f1ab2de48613876becddd496371c85
https://conda.anaconda.org/conda-forge/linux-64/pillow-9.2.0-py39hf3a2cdf_3.tar.bz2#2bd111c38da69056e5fe25a51b832eba
https://conda.anaconda.org/conda-forge/noarch/pip-22.3-pyhd8ed1ab_0.tar.bz2#6f4c6de9fed2a9bd8043283611b09587
https://conda.anaconda.org/conda-forge/linux-64/poppler-22.11.0-h92391eb_0.tar.bz2#833285a4a9d03a93f3e3e5f31b319de8
https://conda.anaconda.org/conda-forge/linux-64/pycosat-0.6.4-py39hb9d737c_1.tar.bz2#00f348bb07e883ceb502b02227b0c900
https://conda.anaconda.org/conda-forge/linux-64/pyproj-3.4.0-py39h14a8356_2.tar.bz2#5d93c781338ff274a0b3dc3d901e19a6
https://conda.anaconda.org/conda-forge/noarch/python-dateutil-2.8.2-pyhd8ed1ab_0.tar.bz2#dd999d1cc9f79e67dbb855c8924c7984
https://conda.anaconda.org/conda-forge/linux-64/rtree-1.0.1-py39hb102c33_1.tar.bz2#b3813b718ca1da036a48e3fe1db3edd8
https://conda.anaconda.org/conda-forge/linux-64/ruamel_yaml-0.15.80-py39hb9d737c_1008.tar.bz2#f862616e19cd2aaa411d24725116b486
https://conda.anaconda.org/conda-forge/linux-64/tiledb-2.11.3-h3f4058f_1.tar.bz2#4ae02ca7d1da6e2b4e3005108df36812
https://conda.anaconda.org/conda-forge/noarch/tqdm-4.64.1-pyhd8ed1ab_0.tar.bz2#5526ff3f88f9db87bb0924b9ce575345
https://conda.anaconda.org/conda-forge/linux-64/unicodedata2-15.0.0-py39hb9d737c_0.tar.bz2#230d65004135bf312504a1bbcb0c7a08
https://conda.anaconda.org/conda-forge/linux-64/brotlipy-0.7.0-py39hb9d737c_1005.tar.bz2#a639fdd9428d8b25f8326a3838d54045
https://conda.anaconda.org/conda-forge/linux-64/cftime-1.6.2-py39h2ae25f5_1.tar.bz2#c943fb9a2818ecc5be1e0ecc8b7738f1
https://conda.anaconda.org/conda-forge/linux-64/conda-package-handling-1.9.0-py39hb9d737c_1.tar.bz2#6bb88158f30accae36218455705aaf48
https://conda.anaconda.org/conda-forge/linux-64/contourpy-1.0.6-py39hf939315_0.tar.bz2#fb3f77fe25042c20c51974fcfe72f797
https://conda.anaconda.org/conda-forge/linux-64/cryptography-38.0.3-py39h3ccb8fc_0.tar.bz2#64119cc315958472211288435368f1e5
https://conda.anaconda.org/conda-forge/linux-64/fonttools-4.38.0-py39hb9d737c_1.tar.bz2#3f2d104f2fefdd5e8a205dd3aacbf1d7
https://conda.anaconda.org/conda-forge/noarch/jinja2-3.1.2-pyhd8ed1ab_1.tar.bz2#c8490ed5c70966d232fdd389d0dbed37
https://conda.anaconda.org/conda-forge/linux-64/libgdal-3.5.3-heb1176f_1.tar.bz2#583c320225235773aee030d96a769fc6
https://conda.anaconda.org/conda-forge/linux-64/pandas-1.5.1-py39h4661b88_1.tar.bz2#d541bbe75ce0f2679344ead981b2f858
https://conda.anaconda.org/conda-forge/linux-64/scipy-1.9.3-py39hddc5342_1.tar.bz2#f26da935bc8e8ede63e075ffb5fa8e45
https://conda.anaconda.org/conda-forge/linux-64/shapely-1.8.5-py39h5b5020f_1.tar.bz2#9d969b4f06adee93e9cf4a62d8056cb6
https://conda.anaconda.org/conda-forge/noarch/branca-0.5.0-pyhd8ed1ab_0.tar.bz2#d96c4ccb1e66b1c1f507dd12c226749a
https://conda.anaconda.org/conda-forge/linux-64/gdal-3.5.3-py39h5cb30a4_1.tar.bz2#59540035b6c17d9412fff86fbe13adf7
https://conda.anaconda.org/conda-forge/noarch/geopandas-base-0.12.1-pyha770c72_0.tar.bz2#76a4623dcaf2521b6de222da5013470e
https://conda.anaconda.org/conda-forge/linux-64/matplotlib-base-3.6.1-py39hf9fd14e_1.tar.bz2#f8d7b01f5cc777cbd671e86c530deba9
https://conda.anaconda.org/conda-forge/linux-64/netcdf4-1.6.1-nompi_py39hfaa66c4_101.tar.bz2#f8b387846943423ed150484db1bb82ea
https://conda.anaconda.org/conda-forge/noarch/pyopenssl-22.1.0-pyhd8ed1ab_0.tar.bz2#fbfa0a180d48c800f922a10a114a8632
https://conda.anaconda.org/conda-forge/linux-64/scikit-learn-1.1.3-py39hd5c8da3_1.tar.bz2#e0753b1949134a2d7ccf2be7bbc9f7d0
https://conda.anaconda.org/conda-forge/noarch/xarray-2022.10.0-pyhd8ed1ab_0.tar.bz2#6553d3cfac3c291948a0be10771ed49f
https://conda.anaconda.org/conda-forge/linux-64/fiona-1.8.22-py39h80939cc_1.tar.bz2#7f498933bbd818822b2c3c656b6d47ce
https://conda.anaconda.org/conda-forge/linux-64/gmt-6.4.0-h78e8b95_2.tar.bz2#ef7ebcedfc405bc9fcb2e8dc6ee11363
https://conda.anaconda.org/conda-forge/noarch/mapclassify-2.4.3-pyhd8ed1ab_0.tar.bz2#908bbfb54da154042c5cbda77b37a3d1
https://conda.anaconda.org/conda-forge/noarch/urllib3-1.26.11-pyhd8ed1ab_0.tar.bz2#0738978569b10669bdef41c671252dd1
https://conda.anaconda.org/conda-forge/noarch/pygmt-0.7.0-pyhd8ed1ab_0.tar.bz2#0164054302041b32b26cf5ffffbe02e0
https://conda.anaconda.org/conda-forge/noarch/requests-2.28.1-pyhd8ed1ab_1.tar.bz2#089382ee0e2dc2eae33a04cc3c2bddb0
https://conda.anaconda.org/conda-forge/linux-64/conda-22.9.0-py39hf3d152e_1.tar.bz2#7b5613a2a677f1e2d1dad5a98fa43192
https://conda.anaconda.org/conda-forge/noarch/folium-0.13.0-pyhd8ed1ab_0.tar.bz2#c69e368f97d9939621daebe97dbbd82d
https://conda.anaconda.org/conda-forge/noarch/geopandas-0.12.1-pyhd8ed1ab_0.tar.bz2#933b5ea7d9e0023073959ec3697ddb50
https://conda.anaconda.org/conda-forge/linux-64/mamba-1.0.0-py39hc5d2bb1_1.tar.bz2#8530c0d55ae7a64fc82d2f4c8fb0003a
# pip cachy @ https://files.pythonhosted.org/packages/82/e6/badd9af6feee43e76c3445b2621a60d3d99fe0e33fffa8df43590212ea63/cachy-0.3.0-py2.py3-none-any.whl#sha256=338ca09c8860e76b275aff52374330efedc4d5a5e45dc1c5b539c1ead0786fe7
# pip crashtest @ https://files.pythonhosted.org/packages/76/97/2a99f020be5e4a5a97ba10bc480e2e6a889b5087103a2c6b952b5f819d27/crashtest-0.3.1-py3-none-any.whl#sha256=300f4b0825f57688b47b6d70c6a31de33512eb2fa1ac614f780939aa0cf91680
# pip distlib @ https://files.pythonhosted.org/packages/76/cb/6bbd2b10170ed991cf64e8c8b85e01f2fb38f95d1bc77617569e0b0b26ac/distlib-0.3.6-py2.py3-none-any.whl#sha256=f35c4b692542ca110de7ef0bea44d73981caeb34ca0b9b6b2e6d7790dda8f80e
# pip filelock @ https://files.pythonhosted.org/packages/94/b3/ff2845971788613e646e667043fdb5f128e2e540aefa09a3c55be8290d6d/filelock-3.8.0-py3-none-any.whl#sha256=617eb4e5eedc82fc5f47b6d61e4d11cb837c56cb4544e39081099fa17ad109d4
# pip jeepney @ https://files.pythonhosted.org/packages/ae/72/2a1e2290f1ab1e06f71f3d0f1646c9e4634e70e1d37491535e19266e8dc9/jeepney-0.8.0-py3-none-any.whl#sha256=c0a454ad016ca575060802ee4d590dd912e35c122fa04e70306de3d076cce755
# pip more-itertools @ https://files.pythonhosted.org/packages/5d/87/1ec3fcc09d2c04b977eabf8a1083222f82eaa2f46d5a4f85f403bf8e7b30/more_itertools-9.0.0-py3-none-any.whl#sha256=250e83d7e81d0c87ca6bd942e6aeab8cc9daa6096d12c5308f3f92fa5e5c1f41
# pip msgpack @ https://files.pythonhosted.org/packages/5f/02/03e2d072744a29af7c5bc17d37f55446965205d80c61f0e6590ad2b2bb34/msgpack-1.0.4-cp39-cp39-manylinux_2_17_x86_64.manylinux2014_x86_64.whl#sha256=0df96d6eaf45ceca04b3f3b4b111b86b33785683d682c655063ef8057d61fd92
# pip pkginfo @ https://files.pythonhosted.org/packages/f3/28/ded592460bc65d39a48fe51d7678c408ae895ee3694d4cd404a131a73271/pkginfo-1.8.3-py2.py3-none-any.whl#sha256=848865108ec99d4901b2f7e84058b6e7660aae8ae10164e015a6dcf5b242a594
# pip platformdirs @ https://files.pythonhosted.org/packages/ed/22/967181c94c3a4063fe64e15331b4cb366bdd7dfbf46fcb8ad89650026fec/platformdirs-2.5.2-py3-none-any.whl#sha256=027d8e83a2d7de06bbac4e5ef7e023c02b863d7ea5d079477e722bb41ab25788
# pip poetry-core @ https://files.pythonhosted.org/packages/12/e4/5c91edb0bc975752c308e425a86b02b5b00cf990b362cfc482254d66cbbb/poetry_core-1.3.2-py3-none-any.whl#sha256=ea0f5a90b339cde132b4e43cff78a1b440cd928db864bb67cfc97fdfcefe7218
# pip ptyprocess @ https://files.pythonhosted.org/packages/22/a6/858897256d0deac81a172289110f31629fc4cee19b6f01283303e18c8db3/ptyprocess-0.7.0-py2.py3-none-any.whl#sha256=4b41f3967fce3af57cc7e94b888626c18bf37a083e3651ca8feeb66d492fef35
# pip pylev @ https://files.pythonhosted.org/packages/04/78/95cfe72991d22994f0ec5a3b742b31c95a28344d33e06b69406b68398a29/pylev-1.4.0-py2.py3-none-any.whl#sha256=7b2e2aa7b00e05bb3f7650eb506fc89f474f70493271a35c242d9a92188ad3dd
# pip pyrsistent @ https://files.pythonhosted.org/packages/54/d3/986fcfeaf62047840c571a857fb8f3ad1e9622081d5e7d0ee5e3451ca2e7/pyrsistent-0.19.2-py3-none-any.whl#sha256=ea6b79a02a28550c98b6ca9c35b9f492beaa54d7c5c9e9949555893c8a9234d0
# pip shellingham @ https://files.pythonhosted.org/packages/3d/1a/d31fce69c119df1fddab3706b63c53d363982c55d841d9c3839b12f15327/shellingham-1.5.0-py2.py3-none-any.whl#sha256=a8f02ba61b69baaa13facdba62908ca8690a94b8119b69f5ec5873ea85f7391b
# pip tomlkit @ https://files.pythonhosted.org/packages/2b/df/971fa5db3250bb022105d17f340339370f73d502e65e687a94ca1a4c4b1f/tomlkit-0.11.6-py3-none-any.whl#sha256=07de26b0d8cfc18f871aec595fda24d95b08fef89d147caa861939f37230bf4b
# pip webencodings @ https://files.pythonhosted.org/packages/f4/24/2a3e3df732393fed8b3ebf2ec078f05546de641fe1b667ee316ec1dcf3b7/webencodings-0.5.1-py2.py3-none-any.whl#sha256=a0af1213f3c2226497a97e2b3aa01a7e4bee4f403f95be16fc9acd2947514a78
# pip zipp @ https://files.pythonhosted.org/packages/40/8a/d63273ed0fa4a3d06f77e7b043f6577d8894e95515b0c187c52e2c0efabb/zipp-3.10.0-py3-none-any.whl#sha256=4fcb6f278987a6605757302a6e40e896257570d11c51628968ccb2a47e80c6c1
# pip cachecontrol @ https://files.pythonhosted.org/packages/1e/49/9db6d5be74f606d1b6f2bd4469827b0eed557c4bbafb30134519510f7f0d/CacheControl-0.12.12-py2.py3-none-any.whl#sha256=5986a16897cd296bdb7b86b42e0403c4ca30b9875f0e0c7c8e509b50cff115b7
# pip cleo @ https://files.pythonhosted.org/packages/45/0c/3825603bf62f360829b1eea29a43dadce30829067e288170b3bf738aafd0/cleo-1.0.0a5-py3-none-any.whl#sha256=ff53056589300976e960f75afb792dfbfc9c78dcbb5a448e207a17b643826360
# pip dulwich @ https://files.pythonhosted.org/packages/0c/b8/839aaef68df5e4b2fd124f5b3918f2f2a2d29f62acfd2f0786f8fb6cd5b0/dulwich-0.20.50-cp39-cp39-manylinux_2_17_x86_64.manylinux2014_x86_64.whl#sha256=d3ee45001411b638641819b7b3b33f31f13467c84066e432256580fcab7d8815
# pip html5lib @ https://files.pythonhosted.org/packages/6c/dd/a834df6482147d48e225a49515aabc28974ad5a4ca3215c18a882565b028/html5lib-1.1-py2.py3-none-any.whl#sha256=0d78f8fde1c230e99fe37986a60526d7049ed4bf8a9fadbad5f00e22e58e041d
# pip importlib-metadata @ https://files.pythonhosted.org/packages/d0/98/c277899f5aa21f6e6946e1c83f2af650cbfee982763ffb91db07ff7d3a13/importlib_metadata-4.13.0-py3-none-any.whl#sha256=8a8a81bcf996e74fee46f0d16bd3eaa382a7eb20fd82445c3ad11f4090334116
# pip jaraco.classes @ https://files.pythonhosted.org/packages/60/28/220d3ae0829171c11e50dded4355d17824d60895285631d7eb9dee0ab5e5/jaraco.classes-3.2.3-py3-none-any.whl#sha256=2353de3288bc6b82120752201c6b1c1a14b058267fa424ed5ce5984e3b922158
# pip jsonschema @ https://files.pythonhosted.org/packages/f2/c5/8e4cdbcbf81c5003a88722c34009bbda692d495dbccc2bf23edf9402d83d/jsonschema-4.17.0-py3-none-any.whl#sha256=f660066c3966db7d6daeaea8a75e0b68237a48e51cf49882087757bb59916248
# pip pexpect @ https://files.pythonhosted.org/packages/39/7b/88dbb785881c28a102619d46423cb853b46dbccc70d3ac362d99773a78ce/pexpect-4.8.0-py2.py3-none-any.whl#sha256=0b48a55dcb3c05f3329815901ea4fc1537514d6ba867a152b581d69ae3710937
# pip requests-toolbelt @ https://files.pythonhosted.org/packages/60/ef/7681134338fc097acef8d9b2f8abe0458e4d87559c689a8c306d0957ece5/requests_toolbelt-0.9.1-py2.py3-none-any.whl#sha256=380606e1d10dc85c3bd47bf5a6095f815ec007be7a8b69c878507068df059e6f
# pip secretstorage @ https://files.pythonhosted.org/packages/54/24/b4293291fa1dd830f353d2cb163295742fa87f179fcc8a20a306a81978b7/SecretStorage-3.3.3-py3-none-any.whl#sha256=f356e6628222568e3af06f2eba8df495efa13b3b63081dafd4f7d9a7b7bc9f99
# pip virtualenv @ https://files.pythonhosted.org/packages/ef/e0/1295d8a0b34f71a81fdf0f09c1ef658ae6d611240829c3c39fb2b6b80967/virtualenv-20.16.6-py3-none-any.whl#sha256=186ca84254abcbde98180fd17092f9628c5fe742273c02724972a1d8a2035108
# pip keyring @ https://files.pythonhosted.org/packages/2a/11/b694ede59e7c677daa2b4201ab4af2d7de2edce7b79a5b51600066aea42e/keyring-23.9.3-py3-none-any.whl#sha256=69732a15cb1433bdfbc3b980a8a36a04878a6cfd7cb99f497b573f31618001c0
# pip poetry @ https://files.pythonhosted.org/packages/79/1e/7373dfc4fe1174e03e58846ea94c3b635e209385125ecd62f1570771b25d/poetry-1.2.2-py3-none-any.whl#sha256=93ea3c4a622485c2a7b7249f1e34e4ac84f8229ded76153b67506313201b154f
# pip poetry-plugin-export @ https://files.pythonhosted.org/packages/44/28/0e86f03be17db993dce6b81825687ab7587fc54ff0659d20f7bffc03d72c/poetry_plugin_export-1.1.2-py3-none-any.whl#sha256=946e3313b3d00c18fb9a50522e9d5e6a7e111beaba8d6ae33297662fc2070ac1
