# Generated by conda-lock.
# platform: win-64
# input_hash: d451d74f3b48d4320eb785842eac52b372ffe70958126d0e8766fa5ac8b19945
@EXPLICIT
https://conda.anaconda.org/conda-forge/win-64/ca-certificates-2022.9.24-h5b45459_0.tar.bz2#5fba0abc60bf327a4bc4188cd64678be
https://conda.anaconda.org/conda-forge/noarch/font-ttf-dejavu-sans-mono-2.37-hab24e00_0.tar.bz2#0c96522c6bdaed4b1566d11387caaf45
https://conda.anaconda.org/conda-forge/noarch/font-ttf-inconsolata-3.000-h77eed37_0.tar.bz2#34893075a5c9e55cdafac56607368fc6
https://conda.anaconda.org/conda-forge/noarch/font-ttf-source-code-pro-2.038-h77eed37_0.tar.bz2#4d59c254e01d9cde7957100457e2d5fb
https://conda.anaconda.org/conda-forge/noarch/font-ttf-ubuntu-0.83-hab24e00_0.tar.bz2#19410c3df09dfb12d1206132a1d357c5
https://conda.anaconda.org/conda-forge/win-64/intel-openmp-2022.1.0-h57928b3_3787.tar.bz2#35dff2b6e944ce136a574c4c006cec28
https://conda.anaconda.org/conda-forge/win-64/msys2-conda-epoch-20160418-1.tar.bz2#b0309b72560df66f71a9d5e34a5efdfa
https://conda.anaconda.org/conda-forge/noarch/poppler-data-0.4.11-hd8ed1ab_0.tar.bz2#abc27381c4f005da588cffa1f76403ee
https://conda.anaconda.org/conda-forge/noarch/pybind11-abi-4-hd8ed1ab_3.tar.bz2#878f923dd6acc8aeb47a75da6c4098be
https://conda.anaconda.org/conda-forge/noarch/tzdata-2022f-h191b570_0.tar.bz2#e366350e2343a798e29833286abe2560
https://conda.anaconda.org/conda-forge/win-64/ucrt-10.0.22621.0-h57928b3_0.tar.bz2#72608f6cd3e5898229c3ea16deb1ac43
https://conda.anaconda.org/conda-forge/noarch/fonts-conda-forge-1-0.tar.bz2#f766549260d6815b0c52253f1fb1bb29
https://conda.anaconda.org/conda-forge/win-64/m2w64-gmp-6.1.0-2.tar.bz2#53a1c73e1e3d185516d7e3af177596d9
https://conda.anaconda.org/conda-forge/win-64/m2w64-libwinpthread-git-5.0.0.4634.697f757-2.tar.bz2#774130a326dee16f1ceb05cc687ee4f0
https://conda.anaconda.org/conda-forge/win-64/vs2015_runtime-14.32.31332-h1d6e394_9.tar.bz2#c98b6e39006315599b793592bcc3c978
https://conda.anaconda.org/conda-forge/noarch/fonts-conda-ecosystem-1-0.tar.bz2#fee5683a3f04bd15cbd8318b096a27ab
https://conda.anaconda.org/conda-forge/win-64/m2w64-gcc-libs-core-5.3.0-7.tar.bz2#4289d80fb4d272f1f3b56cfe87ac90bd
https://conda.anaconda.org/conda-forge/win-64/vc-14.3-h3d8a991_9.tar.bz2#ba28983ef4f6d430827d0e7c5cdd7b48
https://conda.anaconda.org/conda-forge/win-64/bzip2-1.0.8-h8ffe710_4.tar.bz2#7c03c66026944073040cb19a4f3ec3c9
https://conda.anaconda.org/conda-forge/win-64/expat-2.5.0-h1537add_0.tar.bz2#6b20c31bd735d2dd5c79ddb5b3524619
https://conda.anaconda.org/conda-forge/win-64/fftw-3.3.10-nompi_h38027f0_105.tar.bz2#5c7d70e09b3247b849cc72787eb82534
https://conda.anaconda.org/conda-forge/win-64/fmt-9.1.0-h181d51b_0.tar.bz2#31a20cf261b2bd0a76d670db1b3e6fa1
https://conda.anaconda.org/conda-forge/win-64/geos-3.11.0-h39d44d4_0.tar.bz2#87da446bebdf92030df5593c18530ae2
https://conda.anaconda.org/conda-forge/win-64/ghostscript-9.54.0-h0e60522_2.tar.bz2#664f1a69e5e6f7214c04b6c264efa561
https://conda.anaconda.org/conda-forge/win-64/icu-70.1-h0e60522_0.tar.bz2#64073396a905b6df895ab2489fae3847
https://conda.anaconda.org/conda-forge/win-64/jpeg-9e-h8ffe710_2.tar.bz2#733066523147548ce368a9bd0c8395af
https://conda.anaconda.org/conda-forge/win-64/lerc-4.0.0-h63175ca_0.tar.bz2#1900cb3cab5055833cfddb0ba233b074
https://conda.anaconda.org/conda-forge/win-64/libbrotlicommon-1.0.9-hcfcfb64_8.tar.bz2#e8078e37208cd7d3e1eb5053f370ded8
https://conda.anaconda.org/conda-forge/win-64/libdeflate-1.14-hcfcfb64_0.tar.bz2#4366e00d3270eb229c026920474a6dda
https://conda.anaconda.org/conda-forge/win-64/libffi-3.4.2-h8ffe710_5.tar.bz2#2c96d1b6915b408893f9472569dee135
https://conda.anaconda.org/conda-forge/win-64/libiconv-1.17-h8ffe710_0.tar.bz2#050119977a86e4856f0416e2edcf81bb
https://conda.anaconda.org/conda-forge/win-64/libspatialindex-1.9.3-h39d44d4_4.tar.bz2#51c172496e828258d04eba9971f2af1a
https://conda.anaconda.org/conda-forge/win-64/libsqlite-3.39.4-hcfcfb64_0.tar.bz2#9484be835acbd4ec7920ba013a0cc5bf
https://conda.anaconda.org/conda-forge/win-64/libwebp-base-1.2.4-h8ffe710_0.tar.bz2#0a09bd195ebeaff5711ccae93ac132ad
https://conda.anaconda.org/conda-forge/win-64/libzlib-1.2.13-hcfcfb64_4.tar.bz2#0cc5c5cc64ee1637f37f8540a175854c
https://conda.anaconda.org/conda-forge/win-64/lz4-c-1.9.3-h8ffe710_1.tar.bz2#d12763533276560a931c1bd3df1adf63
https://conda.anaconda.org/conda-forge/win-64/lzo-2.10-he774522_1000.tar.bz2#d5cf4b7eaa52316f135eed9e8548ad57
https://conda.anaconda.org/conda-forge/win-64/m2w64-gcc-libgfortran-5.3.0-6.tar.bz2#066552ac6b907ec6d72c0ddab29050dc
https://conda.anaconda.org/conda-forge/win-64/openssl-3.0.7-hcfcfb64_0.tar.bz2#a87ab36dc95970e3b4b63b7599bebdbe
https://conda.anaconda.org/conda-forge/win-64/pcre-8.45-h0e60522_0.tar.bz2#3cd3948bb5de74ebef93b6be6d8cf0d5
https://conda.anaconda.org/conda-forge/win-64/pixman-0.40.0-h8ffe710_0.tar.bz2#32b45d3fcffddc84cc1a014a0b5f0d58
https://conda.anaconda.org/conda-forge/win-64/reproc-14.2.3-h8ffe710_0.tar.bz2#843a3cd031e593c24b542206c3444a2b
https://conda.anaconda.org/conda-forge/win-64/snappy-1.1.9-h82413e6_1.tar.bz2#47f94fe8037a17cc8c132c8da97f91f7
https://conda.anaconda.org/conda-forge/win-64/tbb-2021.6.0-h91493d7_1.tar.bz2#7f9dddcd2f9cc334282e4e9c3f7b41ae
https://conda.anaconda.org/conda-forge/win-64/tk-8.6.12-h8ffe710_0.tar.bz2#c69a5047cc9291ae40afd4a1ad6f0c0f
https://conda.anaconda.org/conda-forge/win-64/xerces-c-3.2.4-h63175ca_1.tar.bz2#b026982f81a6aba1e8ce2525ba640632
https://conda.anaconda.org/conda-forge/win-64/xz-5.2.6-h8d14728_0.tar.bz2#515d77642eaa3639413c6b1bc3f94219
https://conda.anaconda.org/conda-forge/win-64/yaml-0.2.5-h8ffe710_2.tar.bz2#adbfb9f45d1004a26763652246a33764
https://conda.anaconda.org/conda-forge/win-64/yaml-cpp-0.7.0-h63175ca_2.tar.bz2#27c8a78ba0cd18268cfc7b04c5512162
https://conda.anaconda.org/conda-forge/win-64/freexl-1.0.6-h67ca5e6_1.tar.bz2#7ddb6e879c46e78eec37f956b3ffe743
https://conda.anaconda.org/conda-forge/win-64/gettext-0.21.1-h5728263_0.tar.bz2#299d4fd6798a45337042ff5a48219e5f
https://conda.anaconda.org/conda-forge/win-64/krb5-1.19.3-hc8ab02b_0.tar.bz2#729fcb13bda4bbd2dbc0c979dd16e677
https://conda.anaconda.org/conda-forge/win-64/libbrotlidec-1.0.9-hcfcfb64_8.tar.bz2#99839d9d81f33afa173c0fa82a702038
https://conda.anaconda.org/conda-forge/win-64/libbrotlienc-1.0.9-hcfcfb64_8.tar.bz2#88e62627120c20289bf8982b15e0a6a1
https://conda.anaconda.org/conda-forge/win-64/libpng-1.6.38-h19919ed_0.tar.bz2#90332fb968a69b3cb04c47454dcd7447
https://conda.anaconda.org/conda-forge/win-64/librttopo-1.1.0-h2842628_11.tar.bz2#ae13271b8053b68bd007101ac9776ac6
https://conda.anaconda.org/conda-forge/win-64/libsolv-0.7.22-h7755175_0.tar.bz2#f782e1756fd2c9b62931e95363e0205a
https://conda.anaconda.org/conda-forge/win-64/libssh2-1.10.0-h9a1e1f7_3.tar.bz2#c2b344e960a173c777bb3ed172c38cd8
https://conda.anaconda.org/conda-forge/win-64/libxml2-2.10.3-hc3477c8_0.tar.bz2#6dcf17bf780618ddb559d992ea3b6961
https://conda.anaconda.org/conda-forge/win-64/libzip-1.9.2-h519de47_1.tar.bz2#9c3138e53e36c0c161a23d20db91297b
https://conda.anaconda.org/conda-forge/win-64/m2w64-gcc-libs-5.3.0-7.tar.bz2#fe759119b8b3bfa720b8762c6fdc35de
https://conda.anaconda.org/conda-forge/win-64/mkl-2022.1.0-h6a75c08_874.tar.bz2#2ff89a7337a9636029b4db9466e9f8e3
https://conda.anaconda.org/conda-forge/win-64/pcre2-10.37-hdfff0fc_1.tar.bz2#7c1c9ad6400f76a80eeadb6d5d9224fe
https://conda.anaconda.org/conda-forge/win-64/reproc-cpp-14.2.3-h0e60522_0.tar.bz2#534e8626893c41ed3b08bbba07396ca3
https://conda.anaconda.org/conda-forge/win-64/sqlite-3.39.4-hcfcfb64_0.tar.bz2#780e5daa2897f989f46bc73f0e43fa62
https://conda.anaconda.org/conda-forge/win-64/zlib-1.2.13-hcfcfb64_4.tar.bz2#eed9fec3e6d2e8865135b09d24ca040c
https://conda.anaconda.org/conda-forge/win-64/zstd-1.5.2-h7755175_4.tar.bz2#13acb3626fcc8c0577249f3a7b6129f4
https://conda.anaconda.org/conda-forge/win-64/blosc-1.21.1-h74325e0_3.tar.bz2#90e1e39de7864e0e48654c0beb83e170
https://conda.anaconda.org/conda-forge/win-64/boost-cpp-1.78.0-h9f4b32c_1.tar.bz2#11a4273e974d63a99da36b89d6f918a9
https://conda.anaconda.org/conda-forge/win-64/brotli-bin-1.0.9-hcfcfb64_8.tar.bz2#e18b70ed349d96086fd60a9c642b1b58
https://conda.anaconda.org/conda-forge/win-64/freetype-2.12.1-h546665d_0.tar.bz2#8bfa20ad87170f94e856133bafa5f5cf
https://conda.anaconda.org/conda-forge/win-64/hdf4-4.2.15-h1b1b6ef_5.tar.bz2#bfb6a2d82ef9a30455cc0900d89eed20
https://conda.anaconda.org/conda-forge/win-64/libarchive-3.5.2-habf0b7a_3.tar.bz2#96f14843ac68b6d49d376b2c76018c1a
https://conda.anaconda.org/conda-forge/win-64/libblas-3.9.0-16_win64_mkl.tar.bz2#d2e6f4e86cee2b4e8c27ff6884ccdc61
https://conda.anaconda.org/conda-forge/win-64/libcurl-7.86.0-heaf79c2_1.tar.bz2#d5fc1cba559c9889332ffb2a39001704
https://conda.anaconda.org/conda-forge/win-64/libglib-2.74.1-h79619a9_0.tar.bz2#722e167b7ba88710c64bd0c2088a88fd
https://conda.anaconda.org/conda-forge/win-64/libpq-14.5-hf15792c_1.tar.bz2#6e8c4f0b01733da283bab3ed2f1b7729
https://conda.anaconda.org/conda-forge/win-64/libtiff-4.4.0-h8e97e67_4.tar.bz2#3ef0d0259b2d742e8c6a07598614a5d6
https://conda.anaconda.org/conda-forge/win-64/pthread-stubs-0.4-hcd874cb_1001.tar.bz2#a1f820480193ea83582b13249a7e7bd9
https://conda.anaconda.org/conda-forge/win-64/python-3.9.13-hcf16a7b_0_cpython.tar.bz2#6017838044b4b984cffd2600d31a11de
https://conda.anaconda.org/conda-forge/win-64/xorg-libxau-1.0.9-hcd874cb_0.tar.bz2#9cef622e75683c17d05ae62d66e69e6c
https://conda.anaconda.org/conda-forge/win-64/xorg-libxdmcp-1.1.3-hcd874cb_0.tar.bz2#46878ebb6b9cbd8afcf8088d7ef00ece
https://conda.anaconda.org/conda-forge/noarch/attrs-22.1.0-pyh71513ae_1.tar.bz2#6d3ccbc56256204925bfa8378722792f
https://conda.anaconda.org/conda-forge/win-64/brotli-1.0.9-hcfcfb64_8.tar.bz2#2e661f21e1741c11506bdc7226e6b0bc
https://conda.anaconda.org/conda-forge/noarch/certifi-2022.9.24-pyhd8ed1ab_0.tar.bz2#f66309b099374af91369e67e84af397d
https://conda.anaconda.org/conda-forge/win-64/cfitsio-4.1.0-h5a969a9_0.tar.bz2#df455e759b8bd9cb9beccd47306b55e7
https://conda.anaconda.org/conda-forge/noarch/charset-normalizer-2.1.1-pyhd8ed1ab_0.tar.bz2#c1d5b294fbf9a795dec349a6f4d8be8e
https://conda.anaconda.org/conda-forge/noarch/colorama-0.4.6-pyhd8ed1ab_0.tar.bz2#3faab06a954c2a04039983f2c4a50d99
https://conda.anaconda.org/conda-forge/win-64/curl-7.86.0-heaf79c2_1.tar.bz2#2c3f3665f99eb0a712801561707c6382
https://conda.anaconda.org/conda-forge/noarch/cycler-0.11.0-pyhd8ed1ab_0.tar.bz2#a50559fad0affdbb33729a68669ca1cb
https://conda.anaconda.org/conda-forge/win-64/fontconfig-2.14.1-hbde0cde_0.tar.bz2#7db47ce2d047923726eb2681d336b9d8
https://conda.anaconda.org/conda-forge/win-64/hdf5-1.12.2-nompi_h57737ce_100.tar.bz2#d7cfe4ed6cb88a7ef4ab101b2c67a58b
https://conda.anaconda.org/conda-forge/noarch/idna-3.4-pyhd8ed1ab_0.tar.bz2#34272b248891bddccc64479f9a7fffed
https://conda.anaconda.org/conda-forge/win-64/lcms2-2.14-h90d422f_0.tar.bz2#a0deec92aa16fca7bf5a6717d05f88ee
https://conda.anaconda.org/conda-forge/win-64/libcblas-3.9.0-16_win64_mkl.tar.bz2#14c2fb03b2bb14dfa3806186ca91d557
https://conda.anaconda.org/conda-forge/win-64/libkml-1.3.0-hf2ab4e4_1015.tar.bz2#1f50b25e87cefda820cb71fb643bc021
https://conda.anaconda.org/conda-forge/win-64/liblapack-3.9.0-16_win64_mkl.tar.bz2#be2f9d5712a5bb05cd900005ee752a05
https://conda.anaconda.org/conda-forge/win-64/libmamba-1.0.0-h6593b95_1.tar.bz2#d515a083b27e167dbd88b9dc12753174
https://conda.anaconda.org/conda-forge/win-64/libxcb-1.13-hcd874cb_1004.tar.bz2#a6d7fd030532378ecb6ba435cd9f8234
https://conda.anaconda.org/conda-forge/noarch/munkres-1.1.4-pyh9f0ad1d_0.tar.bz2#2ba8498c1018c1e9c61eb99b973dfe19
https://conda.anaconda.org/conda-forge/noarch/networkx-2.8.8-pyhd8ed1ab_0.tar.bz2#bb45ff9deddb045331fd039949f39650
https://conda.anaconda.org/conda-forge/win-64/openjpeg-2.5.0-hc9384bd_1.tar.bz2#a6834096f8d834339eca7ef4d23bcc44
https://conda.anaconda.org/conda-forge/win-64/postgresql-14.5-h58a5ca5_1.tar.bz2#a0ad1503dfc7e5404e8bb49fa76748cf
https://conda.anaconda.org/conda-forge/win-64/proj-9.1.0-h3863b3b_0.tar.bz2#40201019efe10a1373387506cffa8cb1
https://conda.anaconda.org/conda-forge/noarch/pycparser-2.21-pyhd8ed1ab_0.tar.bz2#076becd9e05608f8dc72757d5f3a91ff
https://conda.anaconda.org/conda-forge/noarch/pyparsing-3.0.9-pyhd8ed1ab_0.tar.bz2#e8fbc1b54b25f4b08281467bc13b70cc
https://conda.anaconda.org/conda-forge/win-64/python_abi-3.9-2_cp39.tar.bz2#757068981fb2f97d0cadbba9ae6ae191
https://conda.anaconda.org/conda-forge/noarch/pytz-2022.6-pyhd8ed1ab_0.tar.bz2#b1f26ad83328e486910ef7f6e81dc061
https://conda.anaconda.org/conda-forge/noarch/setuptools-65.5.0-pyhd8ed1ab_0.tar.bz2#462466739c786f85f9ed555f87099fe1
https://conda.anaconda.org/conda-forge/noarch/six-1.16.0-pyh6c4a22f_0.tar.bz2#e5f25f8dbc060e9a8d912e432202afc2
https://conda.anaconda.org/conda-forge/noarch/threadpoolctl-3.1.0-pyh8a188c0_0.tar.bz2#a2995ee828f65687ac5b1e71a2ab1e0c
https://conda.anaconda.org/conda-forge/noarch/toolz-0.12.0-pyhd8ed1ab_0.tar.bz2#92facfec94bc02d6ccf42e7173831a36
https://conda.anaconda.org/conda-forge/noarch/wheel-0.37.1-pyhd8ed1ab_0.tar.bz2#1ca02aaf78d9c70d9a81a3bed5752022
https://conda.anaconda.org/conda-forge/noarch/win_inet_pton-1.1.0-pyhd8ed1ab_6.tar.bz2#30878ecc4bd36e8deeea1e3c151b2e0b
https://conda.anaconda.org/conda-forge/noarch/xyzservices-2022.9.0-pyhd8ed1ab_0.tar.bz2#0c0e2e24aa2e9ee3dd99c611b1098047
https://conda.anaconda.org/conda-forge/win-64/cairo-1.16.0-hd694305_1014.tar.bz2#91f08ed9ff25a969ddd06237454dae0d
https://conda.anaconda.org/conda-forge/win-64/cffi-1.15.1-py39h68f70e3_2.tar.bz2#706a5a7b26617c284987cc95d7465e18
https://conda.anaconda.org/conda-forge/noarch/click-8.1.3-win_pyhd8ed1ab_2.tar.bz2#6b58680207b526c42dcff68b543803dd
https://conda.anaconda.org/conda-forge/win-64/geotiff-1.7.1-h4ffd875_4.tar.bz2#411fd346ad4b588b4f36db902abef917
https://conda.anaconda.org/conda-forge/noarch/joblib-1.2.0-pyhd8ed1ab_0.tar.bz2#7583652522d71ad78ba536bba06940eb
https://conda.anaconda.org/conda-forge/win-64/kealib-1.4.15-hdf81f3a_1.tar.bz2#8af922f4e73960925b80852c806879ef
https://conda.anaconda.org/conda-forge/win-64/kiwisolver-1.4.4-py39h1f6ef14_1.tar.bz2#de04861ceb137d2952d3f2d0a13e9d46
https://conda.anaconda.org/conda-forge/win-64/libmambapy-1.0.0-py39hf50ea47_1.tar.bz2#b3892f1580f552d7f8719c438b38b4eb
https://conda.anaconda.org/conda-forge/win-64/libnetcdf-4.8.1-nompi_h8c042bf_106.tar.bz2#90515eee0f7575b5fd296b6ba8d91dae
https://conda.anaconda.org/conda-forge/win-64/libspatialite-5.0.1-hd560d62_21.tar.bz2#b2dee850d3480f9c20a2cee4fdb1fd37
https://conda.anaconda.org/conda-forge/win-64/markupsafe-2.1.1-py39ha55989b_2.tar.bz2#b6dd8303ea8f1fc1417014b53742cef6
https://conda.anaconda.org/conda-forge/win-64/menuinst-1.4.19-py39hcbf5309_1.tar.bz2#2204308332338a3acb8e501c7ab6148e
https://conda.anaconda.org/conda-forge/noarch/munch-2.5.0-py_0.tar.bz2#31d9e9be500e25ff0050bc9f57a6bcd7
https://conda.anaconda.org/conda-forge/win-64/numpy-1.23.4-py39hbccbffa_1.tar.bz2#5efa809d78fa26365de52841400e40a5
https://conda.anaconda.org/conda-forge/noarch/packaging-21.3-pyhd8ed1ab_0.tar.bz2#71f1ab2de48613876becddd496371c85
https://conda.anaconda.org/conda-forge/win-64/pillow-9.2.0-py39h595c93f_3.tar.bz2#2136fed21965598cd159e6df274e37f5
https://conda.anaconda.org/conda-forge/noarch/pip-22.3-pyhd8ed1ab_0.tar.bz2#6f4c6de9fed2a9bd8043283611b09587
https://conda.anaconda.org/conda-forge/win-64/pycosat-0.6.4-py39ha55989b_1.tar.bz2#37fda79eadde5a08bb7e528994ed909c
https://conda.anaconda.org/conda-forge/win-64/pyproj-3.4.0-py39h9727d73_2.tar.bz2#b91e1ccbc8fc87479485380f9dc267fb
https://conda.anaconda.org/conda-forge/noarch/pysocks-1.7.1-pyh0701188_6.tar.bz2#56cd9fe388baac0e90c7149cfac95b60
https://conda.anaconda.org/conda-forge/noarch/python-dateutil-2.8.2-pyhd8ed1ab_0.tar.bz2#dd999d1cc9f79e67dbb855c8924c7984
https://conda.anaconda.org/conda-forge/win-64/rtree-1.0.1-py39h09fdee3_1.tar.bz2#84a721accc992a5462483e4512efe4a7
https://conda.anaconda.org/conda-forge/win-64/ruamel_yaml-0.15.80-py39ha55989b_1008.tar.bz2#7ee5df4995284eeb82a9baec5f760663
https://conda.anaconda.org/conda-forge/win-64/tiledb-2.11.3-h3132609_1.tar.bz2#301b6102734797d622ba0871e7452992
https://conda.anaconda.org/conda-forge/noarch/tqdm-4.64.1-pyhd8ed1ab_0.tar.bz2#5526ff3f88f9db87bb0924b9ce575345
https://conda.anaconda.org/conda-forge/win-64/unicodedata2-15.0.0-py39ha55989b_0.tar.bz2#3be582ed58b3e289836a1fdc4e41d0b8
https://conda.anaconda.org/conda-forge/win-64/brotlipy-0.7.0-py39ha55989b_1005.tar.bz2#5ffea1498e831c783af65e274d6c58f5
https://conda.anaconda.org/conda-forge/win-64/cftime-1.6.2-py39hc266a54_1.tar.bz2#2ac76c76fae9ed6163c9755b7adb380c
https://conda.anaconda.org/conda-forge/noarch/click-plugins-1.1.1-py_0.tar.bz2#4fd2c6b53934bd7d96d1f3fdaf99b79f
https://conda.anaconda.org/conda-forge/noarch/cligj-0.7.2-pyhd8ed1ab_1.tar.bz2#a29b7c141d6b2de4bb67788a5f107734
https://conda.anaconda.org/conda-forge/win-64/conda-package-handling-1.9.0-py39h09fa780_1.tar.bz2#9012d6e4fd78d0a72cc6d8eada20c086
https://conda.anaconda.org/conda-forge/win-64/contourpy-1.0.6-py39h1f6ef14_0.tar.bz2#df19b359ba763232c54277fc2fbe7a49
https://conda.anaconda.org/conda-forge/win-64/cryptography-38.0.3-py39hb6bd5e6_0.tar.bz2#974ccd716c07d67afda218edbd75a0c5
https://conda.anaconda.org/conda-forge/win-64/fonttools-4.38.0-py39ha55989b_1.tar.bz2#391cedb9f2da5280ea060097d3c8652d
https://conda.anaconda.org/conda-forge/noarch/jinja2-3.1.2-pyhd8ed1ab_1.tar.bz2#c8490ed5c70966d232fdd389d0dbed37
https://conda.anaconda.org/conda-forge/win-64/pandas-1.5.1-py39h2ba5b7c_1.tar.bz2#35921d2e1972f74ebb00f593cd0023c2
https://conda.anaconda.org/conda-forge/win-64/poppler-22.11.0-ha6c1112_0.tar.bz2#9f04314fcaefd8bf0a7a2efefc887eed
https://conda.anaconda.org/conda-forge/win-64/scipy-1.9.3-py39hfbf2dce_1.tar.bz2#699244927b61625d48e998fca9bdf5b7
https://conda.anaconda.org/conda-forge/win-64/shapely-1.8.5-py39h6f18ba6_1.tar.bz2#4e825ee403b33df041996f4fbd6b7041
https://conda.anaconda.org/conda-forge/noarch/branca-0.5.0-pyhd8ed1ab_0.tar.bz2#d96c4ccb1e66b1c1f507dd12c226749a
https://conda.anaconda.org/conda-forge/noarch/geopandas-base-0.12.1-pyha770c72_0.tar.bz2#76a4623dcaf2521b6de222da5013470e
https://conda.anaconda.org/conda-forge/win-64/libgdal-3.5.3-hc5f2fbc_1.tar.bz2#e6a9c0ae5d48757ac054a48fc09396f4
https://conda.anaconda.org/conda-forge/win-64/matplotlib-base-3.6.1-py39haf65ace_1.tar.bz2#ed54e8c6922d24566ba70e3307383a43
https://conda.anaconda.org/conda-forge/win-64/netcdf4-1.6.1-nompi_py39h34fa13a_101.tar.bz2#ce3c01bc4b3474cef93b8158720e3cc8
https://conda.anaconda.org/conda-forge/noarch/pyopenssl-22.1.0-pyhd8ed1ab_0.tar.bz2#fbfa0a180d48c800f922a10a114a8632
https://conda.anaconda.org/conda-forge/win-64/scikit-learn-1.1.3-py39h6fe01c0_1.tar.bz2#aa46378fd608a447b0c23a9ce88bd812
https://conda.anaconda.org/conda-forge/noarch/xarray-2022.10.0-pyhd8ed1ab_0.tar.bz2#6553d3cfac3c291948a0be10771ed49f
https://conda.anaconda.org/conda-forge/win-64/gdal-3.5.3-py39h3be0312_1.tar.bz2#44f775e5a7cf89e1a6f97b1d1bd6f776
https://conda.anaconda.org/conda-forge/noarch/mapclassify-2.4.3-pyhd8ed1ab_0.tar.bz2#908bbfb54da154042c5cbda77b37a3d1
https://conda.anaconda.org/conda-forge/noarch/urllib3-1.26.11-pyhd8ed1ab_0.tar.bz2#0738978569b10669bdef41c671252dd1
https://conda.anaconda.org/conda-forge/win-64/fiona-1.8.22-py39h9e0966e_1.tar.bz2#b09ecfc7fd3f93e272b2ab3aaf920189
https://conda.anaconda.org/conda-forge/win-64/gmt-6.4.0-hace14ca_2.tar.bz2#876b69e376f3cb957d3bbffc38fcee4f
https://conda.anaconda.org/conda-forge/noarch/requests-2.28.1-pyhd8ed1ab_1.tar.bz2#089382ee0e2dc2eae33a04cc3c2bddb0
https://conda.anaconda.org/conda-forge/win-64/conda-22.9.0-py39hcbf5309_1.tar.bz2#f3fe127a0f54d434b1e0202bcc4b4a68
https://conda.anaconda.org/conda-forge/noarch/folium-0.13.0-pyhd8ed1ab_0.tar.bz2#c69e368f97d9939621daebe97dbbd82d
https://conda.anaconda.org/conda-forge/noarch/pygmt-0.7.0-pyhd8ed1ab_0.tar.bz2#0164054302041b32b26cf5ffffbe02e0
https://conda.anaconda.org/conda-forge/noarch/geopandas-0.12.1-pyhd8ed1ab_0.tar.bz2#933b5ea7d9e0023073959ec3697ddb50
https://conda.anaconda.org/conda-forge/win-64/mamba-1.0.0-py39hca8391b_1.tar.bz2#cd950185f55a0f8ce709fe3a532f6021
# pip cachy @ https://files.pythonhosted.org/packages/82/e6/badd9af6feee43e76c3445b2621a60d3d99fe0e33fffa8df43590212ea63/cachy-0.3.0-py2.py3-none-any.whl#sha256=338ca09c8860e76b275aff52374330efedc4d5a5e45dc1c5b539c1ead0786fe7
# pip crashtest @ https://files.pythonhosted.org/packages/76/97/2a99f020be5e4a5a97ba10bc480e2e6a889b5087103a2c6b952b5f819d27/crashtest-0.3.1-py3-none-any.whl#sha256=300f4b0825f57688b47b6d70c6a31de33512eb2fa1ac614f780939aa0cf91680
# pip distlib @ https://files.pythonhosted.org/packages/76/cb/6bbd2b10170ed991cf64e8c8b85e01f2fb38f95d1bc77617569e0b0b26ac/distlib-0.3.6-py2.py3-none-any.whl#sha256=f35c4b692542ca110de7ef0bea44d73981caeb34ca0b9b6b2e6d7790dda8f80e
# pip filelock @ https://files.pythonhosted.org/packages/94/b3/ff2845971788613e646e667043fdb5f128e2e540aefa09a3c55be8290d6d/filelock-3.8.0-py3-none-any.whl#sha256=617eb4e5eedc82fc5f47b6d61e4d11cb837c56cb4544e39081099fa17ad109d4
# pip more-itertools @ https://files.pythonhosted.org/packages/5d/87/1ec3fcc09d2c04b977eabf8a1083222f82eaa2f46d5a4f85f403bf8e7b30/more_itertools-9.0.0-py3-none-any.whl#sha256=250e83d7e81d0c87ca6bd942e6aeab8cc9daa6096d12c5308f3f92fa5e5c1f41
# pip msgpack @ https://files.pythonhosted.org/packages/77/a2/67e5313ea20bd609fbdca6d773b7fe942f30196a467bb8b564dbf9d713c3/msgpack-1.0.4-cp39-cp39-win_amd64.whl#sha256=4d5834a2a48965a349da1c5a79760d94a1a0172fbb5ab6b5b33cbf8447e109ce
# pip pkginfo @ https://files.pythonhosted.org/packages/f3/28/ded592460bc65d39a48fe51d7678c408ae895ee3694d4cd404a131a73271/pkginfo-1.8.3-py2.py3-none-any.whl#sha256=848865108ec99d4901b2f7e84058b6e7660aae8ae10164e015a6dcf5b242a594
# pip platformdirs @ https://files.pythonhosted.org/packages/ed/22/967181c94c3a4063fe64e15331b4cb366bdd7dfbf46fcb8ad89650026fec/platformdirs-2.5.2-py3-none-any.whl#sha256=027d8e83a2d7de06bbac4e5ef7e023c02b863d7ea5d079477e722bb41ab25788
# pip poetry-core @ https://files.pythonhosted.org/packages/12/e4/5c91edb0bc975752c308e425a86b02b5b00cf990b362cfc482254d66cbbb/poetry_core-1.3.2-py3-none-any.whl#sha256=ea0f5a90b339cde132b4e43cff78a1b440cd928db864bb67cfc97fdfcefe7218
# pip ptyprocess @ https://files.pythonhosted.org/packages/22/a6/858897256d0deac81a172289110f31629fc4cee19b6f01283303e18c8db3/ptyprocess-0.7.0-py2.py3-none-any.whl#sha256=4b41f3967fce3af57cc7e94b888626c18bf37a083e3651ca8feeb66d492fef35
# pip pylev @ https://files.pythonhosted.org/packages/04/78/95cfe72991d22994f0ec5a3b742b31c95a28344d33e06b69406b68398a29/pylev-1.4.0-py2.py3-none-any.whl#sha256=7b2e2aa7b00e05bb3f7650eb506fc89f474f70493271a35c242d9a92188ad3dd
# pip pyrsistent @ https://files.pythonhosted.org/packages/44/91/42f8dab8dbe3bb1f07409566085feeb237c28e9cf6e8957aa2377cad78c1/pyrsistent-0.19.2-cp39-cp39-win_amd64.whl#sha256=dec3eac7549869365fe263831f576c8457f6c833937c68542d08fde73457d291
# pip pywin32-ctypes @ https://files.pythonhosted.org/packages/9e/4b/3ab2720f1fa4b4bc924ef1932b842edf10007e4547ea8157b0b9fc78599a/pywin32_ctypes-0.2.0-py2.py3-none-any.whl#sha256=9dc2d991b3479cc2df15930958b674a48a227d5361d413827a4cfd0b5876fc98
# pip shellingham @ https://files.pythonhosted.org/packages/3d/1a/d31fce69c119df1fddab3706b63c53d363982c55d841d9c3839b12f15327/shellingham-1.5.0-py2.py3-none-any.whl#sha256=a8f02ba61b69baaa13facdba62908ca8690a94b8119b69f5ec5873ea85f7391b
# pip tomlkit @ https://files.pythonhosted.org/packages/2b/df/971fa5db3250bb022105d17f340339370f73d502e65e687a94ca1a4c4b1f/tomlkit-0.11.6-py3-none-any.whl#sha256=07de26b0d8cfc18f871aec595fda24d95b08fef89d147caa861939f37230bf4b
# pip webencodings @ https://files.pythonhosted.org/packages/f4/24/2a3e3df732393fed8b3ebf2ec078f05546de641fe1b667ee316ec1dcf3b7/webencodings-0.5.1-py2.py3-none-any.whl#sha256=a0af1213f3c2226497a97e2b3aa01a7e4bee4f403f95be16fc9acd2947514a78
# pip zipp @ https://files.pythonhosted.org/packages/40/8a/d63273ed0fa4a3d06f77e7b043f6577d8894e95515b0c187c52e2c0efabb/zipp-3.10.0-py3-none-any.whl#sha256=4fcb6f278987a6605757302a6e40e896257570d11c51628968ccb2a47e80c6c1
# pip cachecontrol @ https://files.pythonhosted.org/packages/1e/49/9db6d5be74f606d1b6f2bd4469827b0eed557c4bbafb30134519510f7f0d/CacheControl-0.12.12-py2.py3-none-any.whl#sha256=5986a16897cd296bdb7b86b42e0403c4ca30b9875f0e0c7c8e509b50cff115b7
# pip cleo @ https://files.pythonhosted.org/packages/45/0c/3825603bf62f360829b1eea29a43dadce30829067e288170b3bf738aafd0/cleo-1.0.0a5-py3-none-any.whl#sha256=ff53056589300976e960f75afb792dfbfc9c78dcbb5a448e207a17b643826360
# pip dulwich @ https://files.pythonhosted.org/packages/82/ef/ec3ced4cec9a7873ea67ff0a62935a6173d7311772cd776f03070588705b/dulwich-0.20.50-cp39-cp39-win_amd64.whl#sha256=78c388ad421199000fb7b5ed5f0c7b509b3e31bd7cad303786a4d0bf89b82f60
# pip html5lib @ https://files.pythonhosted.org/packages/6c/dd/a834df6482147d48e225a49515aabc28974ad5a4ca3215c18a882565b028/html5lib-1.1-py2.py3-none-any.whl#sha256=0d78f8fde1c230e99fe37986a60526d7049ed4bf8a9fadbad5f00e22e58e041d
# pip importlib-metadata @ https://files.pythonhosted.org/packages/d0/98/c277899f5aa21f6e6946e1c83f2af650cbfee982763ffb91db07ff7d3a13/importlib_metadata-4.13.0-py3-none-any.whl#sha256=8a8a81bcf996e74fee46f0d16bd3eaa382a7eb20fd82445c3ad11f4090334116
# pip jaraco.classes @ https://files.pythonhosted.org/packages/60/28/220d3ae0829171c11e50dded4355d17824d60895285631d7eb9dee0ab5e5/jaraco.classes-3.2.3-py3-none-any.whl#sha256=2353de3288bc6b82120752201c6b1c1a14b058267fa424ed5ce5984e3b922158
# pip jsonschema @ https://files.pythonhosted.org/packages/f2/c5/8e4cdbcbf81c5003a88722c34009bbda692d495dbccc2bf23edf9402d83d/jsonschema-4.17.0-py3-none-any.whl#sha256=f660066c3966db7d6daeaea8a75e0b68237a48e51cf49882087757bb59916248
# pip pexpect @ https://files.pythonhosted.org/packages/39/7b/88dbb785881c28a102619d46423cb853b46dbccc70d3ac362d99773a78ce/pexpect-4.8.0-py2.py3-none-any.whl#sha256=0b48a55dcb3c05f3329815901ea4fc1537514d6ba867a152b581d69ae3710937
# pip requests-toolbelt @ https://files.pythonhosted.org/packages/60/ef/7681134338fc097acef8d9b2f8abe0458e4d87559c689a8c306d0957ece5/requests_toolbelt-0.9.1-py2.py3-none-any.whl#sha256=380606e1d10dc85c3bd47bf5a6095f815ec007be7a8b69c878507068df059e6f
# pip virtualenv @ https://files.pythonhosted.org/packages/ef/e0/1295d8a0b34f71a81fdf0f09c1ef658ae6d611240829c3c39fb2b6b80967/virtualenv-20.16.6-py3-none-any.whl#sha256=186ca84254abcbde98180fd17092f9628c5fe742273c02724972a1d8a2035108
# pip keyring @ https://files.pythonhosted.org/packages/2a/11/b694ede59e7c677daa2b4201ab4af2d7de2edce7b79a5b51600066aea42e/keyring-23.9.3-py3-none-any.whl#sha256=69732a15cb1433bdfbc3b980a8a36a04878a6cfd7cb99f497b573f31618001c0
# pip poetry @ https://files.pythonhosted.org/packages/79/1e/7373dfc4fe1174e03e58846ea94c3b635e209385125ecd62f1570771b25d/poetry-1.2.2-py3-none-any.whl#sha256=93ea3c4a622485c2a7b7249f1e34e4ac84f8229ded76153b67506313201b154f
# pip poetry-plugin-export @ https://files.pythonhosted.org/packages/44/28/0e86f03be17db993dce6b81825687ab7587fc54ff0659d20f7bffc03d72c/poetry_plugin_export-1.1.2-py3-none-any.whl#sha256=946e3313b3d00c18fb9a50522e9d5e6a7e111beaba8d6ae33297662fc2070ac1
